{
  "version": 4,
  "terraform_version": "1.9.3",
  "serial": 102,
  "lineage": "66d4673e-be53-c436-850d-516bb0d2dd10",
  "outputs": {
    "grafana_url": {
      "value": "http://43.135.44.16:31001",
      "type": "string"
    },
    "kube_config": {
      "value": "./config.yaml",
      "type": "string"
    },
    "loki_password": {
      "value": "loki123",
      "type": "string"
    },
    "loki_url": {
      "value": "http://43.135.44.16:31000",
      "type": "string"
    },
    "public_ip": {
      "value": "43.135.44.16",
      "type": "string"
    },
    "vm_password": {
      "value": "password123",
      "type": "string"
    }
  },
  "resources": [
    {
      "mode": "data",
      "type": "tencentcloud_availability_zones_by_product",
      "name": "default",
      "provider": "provider[\"registry.terraform.io/tencentcloudstack/tencentcloud\"]",
      "instances": [
        {
          "schema_version": 0,
          "attributes": {
            "id": "1851109860",
            "include_unavailable": null,
            "name": null,
            "product": "cvm",
            "result_output_file": null,
            "zones": [
              {
                "description": "Hong Kong Zone 2",
                "id": "300002",
                "name": "ap-hongkong-2",
                "state": "AVAILABLE"
              },
              {
                "description": "Hong Kong Zone 3",
                "id": "300003",
                "name": "ap-hongkong-3",
                "state": "AVAILABLE"
              }
            ]
          },
          "sensitive_attributes": []
        }
      ]
    },
    {
      "mode": "data",
      "type": "tencentcloud_images",
      "name": "default",
      "provider": "provider[\"registry.terraform.io/tencentcloudstack/tencentcloud\"]",
      "instances": [
        {
          "schema_version": 0,
          "attributes": {
            "id": "572099355",
            "image_id": null,
            "image_name_regex": null,
            "image_type": [
              "PUBLIC_IMAGE"
            ],
            "images": [
              {
                "architecture": "x86_64",
                "created_time": "",
                "image_creator": "",
                "image_description": "Ubuntu Server 24.04 LTS 64bit",
                "image_id": "img-mmytdhbn",
                "image_name": "Ubuntu Server 24.04 LTS 64bit",
                "image_size": 20,
                "image_source": "OFFICIAL",
                "image_state": "NORMAL",
                "image_type": "PUBLIC_IMAGE",
                "os_name": "Ubuntu Server 24.04 LTS 64bit",
                "platform": "Ubuntu",
                "snapshots": [],
                "support_cloud_init": true,
                "sync_percent": 0
              },
              {
                "architecture": "x86_64",
                "created_time": "",
                "image_creator": "",
                "image_description": "Ubuntu Server 22.04 LTS 64bit",
                "image_id": "img-487zeit5",
                "image_name": "Ubuntu Server 22.04 LTS 64bit",
                "image_size": 20,
                "image_source": "OFFICIAL",
                "image_state": "NORMAL",
                "image_type": "PUBLIC_IMAGE",
                "os_name": "Ubuntu Server 22.04 LTS 64bit",
                "platform": "Ubuntu",
                "snapshots": [],
                "support_cloud_init": true,
                "sync_percent": 0
              },
              {
                "architecture": "x86_64",
                "created_time": "",
                "image_creator": "",
                "image_description": "Ubuntu Server 22.04 LTS 64bit GRID16.2",
                "image_id": "img-fipweiwz",
                "image_name": "Ubuntu Server 22.04 LTS 64bit GRID16.2",
                "image_size": 20,
                "image_source": "OFFICIAL",
                "image_state": "NORMAL",
                "image_type": "PUBLIC_IMAGE",
                "os_name": "Ubuntu Server 22.04 LTS 64bit GRID16.2",
                "platform": "Ubuntu",
                "snapshots": [],
                "support_cloud_init": true,
                "sync_percent": 0
              },
              {
                "architecture": "x86_64",
                "created_time": "",
                "image_creator": "",
                "image_description": "Ubuntu Server 20.04 LTS 64bit",
                "image_id": "img-22trbn9x",
                "image_name": "Ubuntu Server 20.04 LTS 64bit",
                "image_size": 20,
                "image_source": "OFFICIAL",
                "image_state": "NORMAL",
                "image_type": "PUBLIC_IMAGE",
                "os_name": "Ubuntu Server 20.04 LTS 64bit",
                "platform": "Ubuntu",
                "snapshots": [],
                "support_cloud_init": true,
                "sync_percent": 0
              },
              {
                "architecture": "x86_64",
                "created_time": "",
                "image_creator": "",
                "image_description": "Ubuntu Server 20.04 LTS 64bit GRID16.2",
                "image_id": "img-rx55p5nv",
                "image_name": "Ubuntu Server 20.04 LTS 64bit GRID16.2",
                "image_size": 20,
                "image_source": "OFFICIAL",
                "image_state": "NORMAL",
                "image_type": "PUBLIC_IMAGE",
                "os_name": "Ubuntu Server 20.04 LTS 64bit GRID16.2",
                "platform": "Ubuntu",
                "snapshots": [],
                "support_cloud_init": true,
                "sync_percent": 0
              },
              {
                "architecture": "x86_64",
                "created_time": "",
                "image_creator": "",
                "image_description": "Ubuntu Server 20.04 LTS 64bit GRID11.1",
                "image_id": "img-j10l2cnz",
                "image_name": "Ubuntu Server 20.04 LTS 64bit GRID11.1",
                "image_size": 20,
                "image_source": "OFFICIAL",
                "image_state": "NORMAL",
                "image_type": "PUBLIC_IMAGE",
                "os_name": "Ubuntu Server 20.04 LTS 64bit GRID11.1",
                "platform": "Ubuntu",
                "snapshots": [],
                "support_cloud_init": true,
                "sync_percent": 0
              },
              {
                "architecture": "arm",
                "created_time": "",
                "image_creator": "",
                "image_description": "Ubuntu 20.04(arm64)",
                "image_id": "img-2eokmhf5",
                "image_name": "Ubuntu 20.04(arm64)",
                "image_size": 20,
                "image_source": "OFFICIAL",
                "image_state": "NORMAL",
                "image_type": "PUBLIC_IMAGE",
                "os_name": "Ubuntu 20.04(arm64)",
                "platform": "Ubuntu",
                "snapshots": [],
                "support_cloud_init": true,
                "sync_percent": 0
              },
              {
                "architecture": "x86_64",
                "created_time": "",
                "image_creator": "",
                "image_description": "Ubuntu Server 18.04 LTS 64bit",
                "image_id": "img-pi0ii46r",
                "image_name": "Ubuntu Server 18.04 LTS 64bit",
                "image_size": 20,
                "image_source": "OFFICIAL",
                "image_state": "NORMAL",
                "image_type": "PUBLIC_IMAGE",
                "os_name": "Ubuntu Server 18.04 LTS 64bit",
                "platform": "Ubuntu",
                "snapshots": [],
                "support_cloud_init": true,
                "sync_percent": 0
              },
              {
                "architecture": "arm",
                "created_time": "",
                "image_creator": "",
                "image_description": "Ubuntu 18.04(arm64)",
                "image_id": "img-9eh8c1p1",
                "image_name": "Ubuntu 18.04(arm64)",
                "image_size": 20,
                "image_source": "OFFICIAL",
                "image_state": "NORMAL",
                "image_type": "PUBLIC_IMAGE",
                "os_name": "Ubuntu 18.04(arm64)",
                "platform": "Ubuntu",
                "snapshots": [],
                "support_cloud_init": true,
                "sync_percent": 0
              },
              {
                "architecture": "x86_64",
                "created_time": "",
                "image_creator": "",
                "image_description": "Ubuntu Server 16.04 LTS 64bit",
                "image_id": "img-pyqx34y1",
                "image_name": "Ubuntu Server 16.04 LTS 64bit",
                "image_size": 20,
                "image_source": "OFFICIAL",
                "image_state": "NORMAL",
                "image_type": "PUBLIC_IMAGE",
                "os_name": "Ubuntu Server 16.04 LTS 64bit",
                "platform": "Ubuntu",
                "snapshots": [],
                "support_cloud_init": true,
                "sync_percent": 0
              },
              {
                "architecture": "i386",
                "created_time": "",
                "image_creator": "",
                "image_description": "Ubuntu Server 16.04 LTS 32bit",
                "image_id": "img-8u6dn6p1",
                "image_name": "Ubuntu Server 16.04 LTS 32bit",
                "image_size": 20,
                "image_source": "OFFICIAL",
                "image_state": "NORMAL",
                "image_type": "PUBLIC_IMAGE",
                "os_name": "Ubuntu Server 16.04 LTS 32bit",
                "platform": "Ubuntu",
                "snapshots": [],
                "support_cloud_init": true,
                "sync_percent": 0
              },
              {
                "architecture": "x86_64",
                "created_time": "",
                "image_creator": "",
                "image_description": "Ubuntu Server 14.04 LTS 64bit",
                "image_id": "img-3wnd9xpl",
                "image_name": "Ubuntu Server 14.04 LTS 64bit",
                "image_size": 20,
                "image_source": "OFFICIAL",
                "image_state": "NORMAL",
                "image_type": "PUBLIC_IMAGE",
                "os_name": "Ubuntu Server 14.04 LTS 64bit",
                "platform": "Ubuntu",
                "snapshots": [],
                "support_cloud_init": true,
                "sync_percent": 0
              },
              {
                "architecture": "i386",
                "created_time": "",
                "image_creator": "",
                "image_description": "Ubuntu Server 14.04 LTS 32bit",
                "image_id": "img-qpxvpujt",
                "image_name": "Ubuntu Server 14.04 LTS 32bit",
                "image_size": 50,
                "image_source": "OFFICIAL",
                "image_state": "NORMAL",
                "image_type": "PUBLIC_IMAGE",
                "os_name": "Ubuntu Server 14.04 LTS 32bit",
                "platform": "Ubuntu",
                "snapshots": [],
                "support_cloud_init": false,
                "sync_percent": 0
              }
            ],
            "instance_type": null,
            "os_name": "ubuntu",
            "result_output_file": null
          },
          "sensitive_attributes": []
        }
      ]
    },
    {
      "mode": "data",
      "type": "tencentcloud_instance_types",
      "name": "default",
      "provider": "provider[\"registry.terraform.io/tencentcloudstack/tencentcloud\"]",
      "instances": [
        {
          "schema_version": 0,
          "attributes": {
            "availability_zone": null,
            "cpu_core_count": 4,
            "exclude_sold_out": false,
            "filter": [
              {
                "name": "instance-family",
                "values": [
                  "SA2"
                ]
              }
            ],
            "gpu_core_count": null,
            "id": "1859246138",
            "instance_types": [
              {
                "availability_zone": "ap-hongkong-2",
                "cpu_core_count": 4,
                "family": "SA2",
                "gpu_core_count": 0,
                "instance_charge_type": "PREPAID",
                "instance_type": "SA2.LARGE4",
                "memory_size": 4,
                "status": "SELL"
              },
              {
                "availability_zone": "ap-hongkong-3",
                "cpu_core_count": 4,
                "family": "SA2",
                "gpu_core_count": 0,
                "instance_charge_type": "PREPAID",
                "instance_type": "SA2.LARGE4",
                "memory_size": 4,
                "status": "SELL"
              },
              {
                "availability_zone": "ap-hongkong-2",
                "cpu_core_count": 4,
                "family": "SA2",
                "gpu_core_count": 0,
                "instance_charge_type": "POSTPAID_BY_HOUR",
                "instance_type": "SA2.LARGE4",
                "memory_size": 4,
                "status": "SELL"
              },
              {
                "availability_zone": "ap-hongkong-3",
                "cpu_core_count": 4,
                "family": "SA2",
                "gpu_core_count": 0,
                "instance_charge_type": "POSTPAID_BY_HOUR",
                "instance_type": "SA2.LARGE4",
                "memory_size": 4,
                "status": "SELL"
              },
              {
                "availability_zone": "ap-hongkong-2",
                "cpu_core_count": 4,
                "family": "SA2",
                "gpu_core_count": 0,
                "instance_charge_type": "SPOTPAID",
                "instance_type": "SA2.LARGE4",
                "memory_size": 4,
                "status": "SELL"
              },
              {
                "availability_zone": "ap-hongkong-3",
                "cpu_core_count": 4,
                "family": "SA2",
                "gpu_core_count": 0,
                "instance_charge_type": "SPOTPAID",
                "instance_type": "SA2.LARGE4",
                "memory_size": 4,
                "status": "SELL"
              },
              {
                "availability_zone": "ap-hongkong-2",
                "cpu_core_count": 4,
                "family": "SA2",
                "gpu_core_count": 0,
                "instance_charge_type": "PREPAID",
                "instance_type": "SA2.LARGE8",
                "memory_size": 8,
                "status": "SELL"
              },
              {
                "availability_zone": "ap-hongkong-3",
                "cpu_core_count": 4,
                "family": "SA2",
                "gpu_core_count": 0,
                "instance_charge_type": "PREPAID",
                "instance_type": "SA2.LARGE8",
                "memory_size": 8,
                "status": "SELL"
              },
              {
                "availability_zone": "ap-hongkong-2",
                "cpu_core_count": 4,
                "family": "SA2",
                "gpu_core_count": 0,
                "instance_charge_type": "POSTPAID_BY_HOUR",
                "instance_type": "SA2.LARGE8",
                "memory_size": 8,
                "status": "SELL"
              },
              {
                "availability_zone": "ap-hongkong-3",
                "cpu_core_count": 4,
                "family": "SA2",
                "gpu_core_count": 0,
                "instance_charge_type": "POSTPAID_BY_HOUR",
                "instance_type": "SA2.LARGE8",
                "memory_size": 8,
                "status": "SELL"
              },
              {
                "availability_zone": "ap-hongkong-2",
                "cpu_core_count": 4,
                "family": "SA2",
                "gpu_core_count": 0,
                "instance_charge_type": "SPOTPAID",
                "instance_type": "SA2.LARGE8",
                "memory_size": 8,
                "status": "SELL"
              },
              {
                "availability_zone": "ap-hongkong-3",
                "cpu_core_count": 4,
                "family": "SA2",
                "gpu_core_count": 0,
                "instance_charge_type": "SPOTPAID",
                "instance_type": "SA2.LARGE8",
                "memory_size": 8,
                "status": "SELL"
              },
              {
                "availability_zone": "ap-hongkong-2",
                "cpu_core_count": 4,
                "family": "SA2",
                "gpu_core_count": 0,
                "instance_charge_type": "PREPAID",
                "instance_type": "SA2.LARGE16",
                "memory_size": 16,
                "status": "SELL"
              },
              {
                "availability_zone": "ap-hongkong-3",
                "cpu_core_count": 4,
                "family": "SA2",
                "gpu_core_count": 0,
                "instance_charge_type": "PREPAID",
                "instance_type": "SA2.LARGE16",
                "memory_size": 16,
                "status": "SELL"
              },
              {
                "availability_zone": "ap-hongkong-2",
                "cpu_core_count": 4,
                "family": "SA2",
                "gpu_core_count": 0,
                "instance_charge_type": "POSTPAID_BY_HOUR",
                "instance_type": "SA2.LARGE16",
                "memory_size": 16,
                "status": "SELL"
              },
              {
                "availability_zone": "ap-hongkong-3",
                "cpu_core_count": 4,
                "family": "SA2",
                "gpu_core_count": 0,
                "instance_charge_type": "POSTPAID_BY_HOUR",
                "instance_type": "SA2.LARGE16",
                "memory_size": 16,
                "status": "SELL"
              },
              {
                "availability_zone": "ap-hongkong-2",
                "cpu_core_count": 4,
                "family": "SA2",
                "gpu_core_count": 0,
                "instance_charge_type": "SPOTPAID",
                "instance_type": "SA2.LARGE16",
                "memory_size": 16,
                "status": "SELL"
              },
              {
                "availability_zone": "ap-hongkong-3",
                "cpu_core_count": 4,
                "family": "SA2",
                "gpu_core_count": 0,
                "instance_charge_type": "SPOTPAID",
                "instance_type": "SA2.LARGE16",
                "memory_size": 16,
                "status": "SELL"
              }
            ],
            "memory_size": null,
            "result_output_file": null
          },
          "sensitive_attributes": []
        }
      ]
    },
    {
      "mode": "managed",
      "type": "local_sensitive_file",
      "name": "kubeconfig",
      "provider": "provider[\"registry.terraform.io/hashicorp/local\"]",
      "instances": [
        {
          "schema_version": 0,
          "attributes": {
            "content": "\"apiVersion\": \"v1\"\n\"clusters\":\n- \"cluster\":\n    \"certificate-authority-data\": \"LS0tLS1CRUdJTiBDRVJUSUZJQ0FURS0tLS0tCk1JSUJ2akNDQVVTZ0F3SUJBZ0lSQVA2WmZtSTI3cnpyVDFLZkJNZWQvTzR3Q2dZSUtvWkl6ajBFQXdNd0h6RWQKTUJzR0ExVUVBeE1VYTNWaVpYSnVaWFJsY3kxelpYSjJaWEl0WTJFd0lCY05NalF3T1RBMU1EWTFPREEzV2hnUApNakV5TkRBNU1EWXdOalU0TURkYU1COHhIVEFiQmdOVkJBTVRGR3QxWW1WeWJtVjBaWE10YzJWeWRtVnlMV05oCk1IWXdFQVlIS29aSXpqMENBUVlGSzRFRUFDSURZZ0FFODdLNjJIcVNoRXJMbEVJSGtTVHMwUW8zY3d6MlZHcFAKMDdyQzRnV3BCRFVmQmdUbk15RFpjUEN6T25jNTFwbVVvcGU0b3kzOWxDeDJkdElEclVGMzRobHdIWGNNdS9URwpPcnlxbWZqT28xa2IvRktjTnF3RU9tYVVrb3R3Um1Gdm8wSXdRREFPQmdOVkhROEJBZjhFQkFNQ0FxUXdEd1lEClZSMFRBUUgvQkFVd0F3RUIvekFkQmdOVkhRNEVGZ1FVMHRSeHp5emhxbDhKaU9QckFFUjZBVW1ET0Uwd0NnWUkKS29aSXpqMEVBd01EYUFBd1pRSXdSUDBMcGczcTRxVXlNcGJIWktyTDZDaUZEQkkvdTRCcm5rNEZlTHdONklGSgpBNWZvczYxRjk1NUF6M1dRM1RFSUFqRUFtRHlKTVF2UnI5cXBIQWtQQmgrVkRBTWJ6dlJ3MXR6Z3BnWjc0Nzl4CmJvTlN2bys1bFgraHZ5VGRoR3oyb0ZSZwotLS0tLUVORCBDRVJUSUZJQ0FURS0tLS0tCg==\"\n    \"server\": \"https://43.135.44.16:6443\"\n  \"name\": \"cluster.local\"\n\"contexts\":\n- \"context\":\n    \"cluster\": \"cluster.local\"\n    \"user\": \"master-user\"\n  \"name\": \"cluster.local\"\n\"current-context\": \"cluster.local\"\n\"kind\": \"Config\"\n\"preferences\": {}\n\"users\":\n- \"name\": \"master-user\"\n  \"user\":\n    \"client-certificate-data\": \"LS0tLS1CRUdJTiBDRVJUSUZJQ0FURS0tLS0tCk1JSUI0ekNDQVdpZ0F3SUJBZ0lSQUwzOXVFOTNuY0Jra2sxcGlqL2hpZll3Q2dZSUtvWkl6ajBFQXdNd0h6RWQKTUJzR0ExVUVBeE1VYTNWaVpYSnVaWFJsY3kxamJHbGxiblF0WTJFd0lCY05NalF3T1RBMU1EWTFPREEzV2hnUApNakV5TkRBNU1EWXdOalU0TURkYU1DOHhGekFWQmdOVkJBb1REbk41YzNSbGJUcHRZWE4wWlhKek1SUXdFZ1lEClZRUURFd3R0WVhOMFpYSXRkWE5sY2pCMk1CQUdCeXFHU000OUFnRUdCU3VCQkFBaUEySUFCTjZUbUdBajdtWmYKZFo1dmUrc2FUM283WDJzUzJISjRVZ2FGL1I2akplYm5pK3Voa2thc3AvdEo0MjdyY2hCUWx0cFZPMVk4czl4Mgp1c08rYWNFYSttT21mcDZ1ejN5US9JZlMzRitWZWpDZ1U2SzczRnplajZCUWxzaVZ0M0JSUEtOV01GUXdEZ1lEClZSMFBBUUgvQkFRREFnV2dNQk1HQTFVZEpRUU1NQW9HQ0NzR0FRVUZCd01DTUF3R0ExVWRFd0VCL3dRQ01BQXcKSHdZRFZSMGpCQmd3Rm9BVUFqaEMzbEtCbTVpYkxhZzdBU1ZhVi96L05CZ3dDZ1lJS29aSXpqMEVBd01EYVFBdwpaZ0l4QUl1bnJyVTVlSlJKZ2xWcEJOblpLTis4T2Vwck9WYzJPeWhvUnlPazQ3QXpBVUhYSFIwNWJnekJqSzJvCjMrUHlld0l4QUwzcWhnbzIwQkZDbkJ5LzRKcGF6ZEx1dHZZcDExWEFvbEl4V3BVOHEvWGQ4SDFKYWVUR3cza0QKbGN0dHdjK2w4Zz09Ci0tLS0tRU5EIENFUlRJRklDQVRFLS0tLS0K\"\n    \"client-key-data\": \"LS0tLS1CRUdJTiBFQyBQUklWQVRFIEtFWS0tLS0tCk1JR2tBZ0VCQkRCeE9mT2NGd3MxZzBtM00yRm1yZGZxV0VGWFQ3YmJjRzNlTlhJdU0xMVUwU1JlZU9aenV4QW4KVHUyWHpMZ3Q5VStnQndZRks0RUVBQ0toWkFOaUFBVGVrNWhnSSs1bVgzV2ViM3ZyR2s5Nk8xOXJFdGh5ZUZJRwpoZjBlb3lYbTU0dnJvWkpHcktmN1NlTnU2M0lRVUpiYVZUdFdQTFBjZHJyRHZtbkJHdnBqcG42ZXJzOThrUHlICjB0eGZsWG93b0ZPaXU5eGMzbytnVUpiSWxiZHdVVHc9Ci0tLS0tRU5EIEVDIFBSSVZBVEUgS0VZLS0tLS0K\"\n",
            "content_base64": null,
            "content_base64sha256": "6y8vdXPJiwlGASOQ+Dzw1zJ4PcRpmzmtsEpCqaROUxw=",
            "content_base64sha512": "XEfMF2ZWj3TGT4oCii7Eys5qNzYXu9mMIjLMyfeF+Vnyy2qNNjyySSv8g4Yon3iGHFY3GkqGpYw9ZxJckpbATg==",
            "content_md5": "3cabc2ea8c48b93ae2a812bb0e6f3171",
            "content_sha1": "4003372d1b0bfa51f0a4788c22fbb8327b7e217f",
            "content_sha256": "eb2f2f7573c98b0946012390f83cf0d732783dc4699b39adb04a42a9a44e531c",
            "content_sha512": "5c47cc1766568f74c64f8a028a2ec4cace6a373617bbd98c2232ccc9f785f959f2cb6a8d363cb2492bfc8386289f78861c56371a4a86a58c3d67125c9296c04e",
            "directory_permission": "0700",
            "file_permission": "0700",
            "filename": "./config.yaml",
            "id": "4003372d1b0bfa51f0a4788c22fbb8327b7e217f",
            "source": null
          },
          "sensitive_attributes": [
            [
              {
                "type": "get_attr",
                "value": "content"
              }
            ],
            [
              {
                "type": "get_attr",
                "value": "content_base64"
              }
            ]
          ],
          "dependencies": [
            "data.tencentcloud_availability_zones_by_product.default",
            "data.tencentcloud_images.default",
            "data.tencentcloud_instance_types.default",
            "module.k3s.tls_cert_request.master_user",
            "module.k3s.tls_locally_signed_cert.master_user",
            "module.k3s.tls_private_key.kubernetes_ca",
            "module.k3s.tls_private_key.master_user",
            "module.k3s.tls_self_signed_cert.kubernetes_ca_certs",
            "tencentcloud_instance.web",
            "tencentcloud_security_group.default",
            "tencentcloud_security_group_lite_rule.default"
          ]
        }
      ]
    },
    {
      "mode": "managed",
      "type": "null_resource",
      "name": "connect_ubuntu",
      "provider": "provider[\"registry.terraform.io/hashicorp/null\"]",
      "instances": [
        {
          "schema_version": 0,
          "attributes": {
            "id": "1757003932817687192",
            "triggers": {
              "script_hash": "cd79ea56025b6ed32a2a791756fba843"
            }
          },
          "sensitive_attributes": [],
          "dependencies": [
            "data.tencentcloud_availability_zones_by_product.default",
            "data.tencentcloud_images.default",
            "data.tencentcloud_instance_types.default",
            "module.k3s.data.http.k3s_installer",
            "module.k3s.data.http.k3s_version",
            "module.k3s.null_resource.agents_annotation",
            "module.k3s.null_resource.agents_drain",
            "module.k3s.null_resource.agents_install",
            "module.k3s.null_resource.agents_label",
            "module.k3s.null_resource.agents_taint",
            "module.k3s.null_resource.k8s_ca_certificates_install",
            "module.k3s.null_resource.kubernetes_ready",
            "module.k3s.null_resource.servers_annotation",
            "module.k3s.null_resource.servers_drain",
            "module.k3s.null_resource.servers_install",
            "module.k3s.null_resource.servers_label",
            "module.k3s.null_resource.servers_taint",
            "module.k3s.random_password.k3s_cluster_secret",
            "module.k3s.tls_cert_request.master_user",
            "module.k3s.tls_locally_signed_cert.master_user",
            "module.k3s.tls_private_key.kubernetes_ca",
            "module.k3s.tls_private_key.master_user",
            "module.k3s.tls_self_signed_cert.kubernetes_ca_certs",
            "tencentcloud_instance.web",
            "tencentcloud_security_group.default",
            "tencentcloud_security_group_lite_rule.default"
          ]
        }
      ]
    },
    {
      "mode": "managed",
      "type": "tencentcloud_instance",
      "name": "web",
      "provider": "provider[\"registry.terraform.io/tencentcloudstack/tencentcloud\"]",
      "instances": [
        {
          "index_key": 0,
          "schema_version": 0,
          "attributes": {
            "allocate_public_ip": true,
            "availability_zone": "ap-hongkong-2",
            "bandwidth_package_id": null,
            "cam_role_name": "",
            "cdh_host_id": null,
            "cdh_instance_type": null,
            "cpu": 4,
            "create_time": "2024-09-05T06:58:37Z",
            "data_disks": [],
            "disable_api_termination": false,
            "disable_monitor_service": false,
            "disable_security_service": false,
            "expired_time": "",
            "force_delete": false,
            "hostname": null,
            "id": "ins-6a08j3ho",
            "image_id": "img-mmytdhbn",
            "instance_charge_type": "POSTPAID_BY_HOUR",
            "instance_charge_type_prepaid_period": null,
            "instance_charge_type_prepaid_renew_flag": "",
            "instance_count": null,
            "instance_name": "web server",
            "instance_status": "RUNNING",
            "instance_type": "SA2.LARGE4",
            "internet_charge_type": "TRAFFIC_POSTPAID_BY_HOUR",
            "internet_max_bandwidth_out": 100,
            "keep_image_login": null,
            "key_ids": [],
            "key_name": "",
            "memory": 4,
            "orderly_security_groups": [
              "sg-4qkucjfb"
            ],
            "os_name": "Ubuntu Server 24.04 LTS 64bit",
            "password": "password123",
            "placement_group_id": null,
            "private_ip": "172.19.0.106",
            "project_id": 0,
            "public_ip": "43.135.44.16",
            "running_flag": true,
            "security_groups": [
              "sg-4qkucjfb"
            ],
            "spot_instance_type": null,
            "spot_max_price": null,
            "stopped_mode": null,
            "subnet_id": "subnet-gjfyzxor",
            "system_disk_id": "disk-jwsymarq",
            "system_disk_size": 50,
            "system_disk_type": "CLOUD_PREMIUM",
            "tags": null,
            "timeouts": null,
            "user_data": null,
            "user_data_raw": null,
            "uuid": "ef2f7ca1-fa04-41a7-b6ea-8a407b8a444a",
            "vpc_id": "vpc-1ds1cs38"
          },
          "sensitive_attributes": [
            [
              {
                "type": "get_attr",
                "value": "password"
              }
            ]
          ],
          "private": "eyJlMmJmYjczMC1lY2FhLTExZTYtOGY4OC0zNDM2M2JjN2M0YzAiOnsiY3JlYXRlIjo5MDAwMDAwMDAwMDB9fQ==",
          "dependencies": [
            "data.tencentcloud_availability_zones_by_product.default",
            "data.tencentcloud_images.default",
            "data.tencentcloud_instance_types.default",
            "tencentcloud_security_group.default",
            "tencentcloud_security_group_lite_rule.default"
          ]
        }
      ]
    },
    {
      "mode": "managed",
      "type": "tencentcloud_security_group",
      "name": "default",
      "provider": "provider[\"registry.terraform.io/tencentcloudstack/tencentcloud\"]",
      "instances": [
        {
          "schema_version": 0,
          "attributes": {
            "description": "make it accessible for both production and stage ports",
            "id": "sg-4qkucjfb",
            "name": "tf-security-group",
            "project_id": 0,
            "tags": null
          },
          "sensitive_attributes": [],
          "private": "bnVsbA=="
        }
      ]
    },
    {
      "mode": "managed",
      "type": "tencentcloud_security_group_lite_rule",
      "name": "default",
      "provider": "provider[\"registry.terraform.io/tencentcloudstack/tencentcloud\"]",
      "instances": [
        {
          "schema_version": 0,
          "attributes": {
            "egress": [
              "ACCEPT#0.0.0.0/0#ALL#ALL"
            ],
            "id": "sg-4qkucjfb",
            "ingress": [
              "ACCEPT#0.0.0.0/0#22#TCP",
              "ACCEPT#0.0.0.0/0#6443#TCP",
              "ACCEPT#0.0.0.0/0#ALL#TCP"
            ],
            "security_group_id": "sg-4qkucjfb"
          },
          "sensitive_attributes": [],
          "private": "bnVsbA==",
          "dependencies": [
            "tencentcloud_security_group.default"
          ]
        }
      ]
    }
  ],
  "check_results": [
    {
      "object_kind": "var",
      "config_addr": "module.k3s.var.agents",
      "status": "pass",
      "objects": [
        {
          "object_addr": "module.k3s.var.agents",
          "status": "pass"
        }
      ]
    },
    {
      "object_kind": "var",
      "config_addr": "module.k3s.var.k3s_install_env_vars",
      "status": "pass",
      "objects": [
        {
          "object_addr": "module.k3s.var.k3s_install_env_vars",
          "status": "pass"
        }
      ]
    },
    {
      "object_kind": "var",
      "config_addr": "module.k3s.var.servers",
      "status": "pass",
      "objects": [
        {
          "object_addr": "module.k3s.var.servers",
          "status": "pass"
        }
      ]
    },
    {
      "object_kind": "var",
      "config_addr": "module.k3s.var.name",
      "status": "pass",
      "objects": [
        {
          "object_addr": "module.k3s.var.name",
          "status": "pass"
        }
      ]
    }
  ]
}
