{
  "version": 4,
  "terraform_version": "1.9.3",
  "serial": 26,
  "lineage": "42dd6563-af45-aaed-84a0-c20c4c7b91b9",
  "outputs": {
    "grafana_url": {
      "value": "http://43.154.108.115:31001",
      "type": "string"
    },
    "kube_config": {
      "value": "./config.yaml",
      "type": "string"
    },
    "loki_password": {
      "value": "loki123",
      "type": "string"
    },
    "loki_url": {
      "value": "http://43.154.108.115:31000",
      "type": "string"
    },
    "public_ip": {
      "value": "43.154.108.115",
      "type": "string"
    },
    "vm_password": {
      "value": "password123",
      "type": "string"
    }
  },
  "resources": [
    {
      "mode": "data",
      "type": "tencentcloud_availability_zones_by_product",
      "name": "default",
      "provider": "provider[\"registry.terraform.io/tencentcloudstack/tencentcloud\"]",
      "instances": [
        {
          "schema_version": 0,
          "attributes": {
            "id": "1851109860",
            "include_unavailable": null,
            "name": null,
            "product": "cvm",
            "result_output_file": null,
            "zones": [
              {
                "description": "Hong Kong Zone 2",
                "id": "300002",
                "name": "ap-hongkong-2",
                "state": "AVAILABLE"
              },
              {
                "description": "Hong Kong Zone 3",
                "id": "300003",
                "name": "ap-hongkong-3",
                "state": "AVAILABLE"
              }
            ]
          },
          "sensitive_attributes": []
        }
      ]
    },
    {
      "mode": "data",
      "type": "tencentcloud_images",
      "name": "default",
      "provider": "provider[\"registry.terraform.io/tencentcloudstack/tencentcloud\"]",
      "instances": [
        {
          "schema_version": 0,
          "attributes": {
            "id": "572099355",
            "image_id": null,
            "image_name_regex": null,
            "image_type": [
              "PUBLIC_IMAGE"
            ],
            "images": [
              {
                "architecture": "x86_64",
                "created_time": "",
                "image_creator": "",
                "image_description": "Ubuntu Server 24.04 LTS 64bit",
                "image_id": "img-mmytdhbn",
                "image_name": "Ubuntu Server 24.04 LTS 64bit",
                "image_size": 20,
                "image_source": "OFFICIAL",
                "image_state": "NORMAL",
                "image_type": "PUBLIC_IMAGE",
                "os_name": "Ubuntu Server 24.04 LTS 64bit",
                "platform": "Ubuntu",
                "snapshots": [],
                "support_cloud_init": true,
                "sync_percent": 0
              },
              {
                "architecture": "x86_64",
                "created_time": "",
                "image_creator": "",
                "image_description": "Ubuntu Server 22.04 LTS 64bit",
                "image_id": "img-487zeit5",
                "image_name": "Ubuntu Server 22.04 LTS 64bit",
                "image_size": 20,
                "image_source": "OFFICIAL",
                "image_state": "NORMAL",
                "image_type": "PUBLIC_IMAGE",
                "os_name": "Ubuntu Server 22.04 LTS 64bit",
                "platform": "Ubuntu",
                "snapshots": [],
                "support_cloud_init": true,
                "sync_percent": 0
              },
              {
                "architecture": "x86_64",
                "created_time": "",
                "image_creator": "",
                "image_description": "Ubuntu Server 22.04 LTS 64bit GRID16.2",
                "image_id": "img-fipweiwz",
                "image_name": "Ubuntu Server 22.04 LTS 64bit GRID16.2",
                "image_size": 20,
                "image_source": "OFFICIAL",
                "image_state": "NORMAL",
                "image_type": "PUBLIC_IMAGE",
                "os_name": "Ubuntu Server 22.04 LTS 64bit GRID16.2",
                "platform": "Ubuntu",
                "snapshots": [],
                "support_cloud_init": true,
                "sync_percent": 0
              },
              {
                "architecture": "x86_64",
                "created_time": "",
                "image_creator": "",
                "image_description": "Ubuntu Server 20.04 LTS 64bit",
                "image_id": "img-22trbn9x",
                "image_name": "Ubuntu Server 20.04 LTS 64bit",
                "image_size": 20,
                "image_source": "OFFICIAL",
                "image_state": "NORMAL",
                "image_type": "PUBLIC_IMAGE",
                "os_name": "Ubuntu Server 20.04 LTS 64bit",
                "platform": "Ubuntu",
                "snapshots": [],
                "support_cloud_init": true,
                "sync_percent": 0
              },
              {
                "architecture": "x86_64",
                "created_time": "",
                "image_creator": "",
                "image_description": "Ubuntu Server 20.04 LTS 64bit GRID16.2",
                "image_id": "img-rx55p5nv",
                "image_name": "Ubuntu Server 20.04 LTS 64bit GRID16.2",
                "image_size": 20,
                "image_source": "OFFICIAL",
                "image_state": "NORMAL",
                "image_type": "PUBLIC_IMAGE",
                "os_name": "Ubuntu Server 20.04 LTS 64bit GRID16.2",
                "platform": "Ubuntu",
                "snapshots": [],
                "support_cloud_init": true,
                "sync_percent": 0
              },
              {
                "architecture": "x86_64",
                "created_time": "",
                "image_creator": "",
                "image_description": "Ubuntu Server 20.04 LTS 64bit GRID11.1",
                "image_id": "img-j10l2cnz",
                "image_name": "Ubuntu Server 20.04 LTS 64bit GRID11.1",
                "image_size": 20,
                "image_source": "OFFICIAL",
                "image_state": "NORMAL",
                "image_type": "PUBLIC_IMAGE",
                "os_name": "Ubuntu Server 20.04 LTS 64bit GRID11.1",
                "platform": "Ubuntu",
                "snapshots": [],
                "support_cloud_init": true,
                "sync_percent": 0
              },
              {
                "architecture": "arm",
                "created_time": "",
                "image_creator": "",
                "image_description": "Ubuntu 20.04(arm64)",
                "image_id": "img-2eokmhf5",
                "image_name": "Ubuntu 20.04(arm64)",
                "image_size": 20,
                "image_source": "OFFICIAL",
                "image_state": "NORMAL",
                "image_type": "PUBLIC_IMAGE",
                "os_name": "Ubuntu 20.04(arm64)",
                "platform": "Ubuntu",
                "snapshots": [],
                "support_cloud_init": true,
                "sync_percent": 0
              },
              {
                "architecture": "x86_64",
                "created_time": "",
                "image_creator": "",
                "image_description": "Ubuntu Server 18.04 LTS 64bit",
                "image_id": "img-pi0ii46r",
                "image_name": "Ubuntu Server 18.04 LTS 64bit",
                "image_size": 20,
                "image_source": "OFFICIAL",
                "image_state": "NORMAL",
                "image_type": "PUBLIC_IMAGE",
                "os_name": "Ubuntu Server 18.04 LTS 64bit",
                "platform": "Ubuntu",
                "snapshots": [],
                "support_cloud_init": true,
                "sync_percent": 0
              },
              {
                "architecture": "arm",
                "created_time": "",
                "image_creator": "",
                "image_description": "Ubuntu 18.04(arm64)",
                "image_id": "img-9eh8c1p1",
                "image_name": "Ubuntu 18.04(arm64)",
                "image_size": 20,
                "image_source": "OFFICIAL",
                "image_state": "NORMAL",
                "image_type": "PUBLIC_IMAGE",
                "os_name": "Ubuntu 18.04(arm64)",
                "platform": "Ubuntu",
                "snapshots": [],
                "support_cloud_init": true,
                "sync_percent": 0
              },
              {
                "architecture": "x86_64",
                "created_time": "",
                "image_creator": "",
                "image_description": "Ubuntu Server 16.04 LTS 64bit",
                "image_id": "img-pyqx34y1",
                "image_name": "Ubuntu Server 16.04 LTS 64bit",
                "image_size": 20,
                "image_source": "OFFICIAL",
                "image_state": "NORMAL",
                "image_type": "PUBLIC_IMAGE",
                "os_name": "Ubuntu Server 16.04 LTS 64bit",
                "platform": "Ubuntu",
                "snapshots": [],
                "support_cloud_init": true,
                "sync_percent": 0
              },
              {
                "architecture": "i386",
                "created_time": "",
                "image_creator": "",
                "image_description": "Ubuntu Server 16.04 LTS 32bit",
                "image_id": "img-8u6dn6p1",
                "image_name": "Ubuntu Server 16.04 LTS 32bit",
                "image_size": 20,
                "image_source": "OFFICIAL",
                "image_state": "NORMAL",
                "image_type": "PUBLIC_IMAGE",
                "os_name": "Ubuntu Server 16.04 LTS 32bit",
                "platform": "Ubuntu",
                "snapshots": [],
                "support_cloud_init": true,
                "sync_percent": 0
              },
              {
                "architecture": "x86_64",
                "created_time": "",
                "image_creator": "",
                "image_description": "Ubuntu Server 14.04 LTS 64bit",
                "image_id": "img-3wnd9xpl",
                "image_name": "Ubuntu Server 14.04 LTS 64bit",
                "image_size": 20,
                "image_source": "OFFICIAL",
                "image_state": "NORMAL",
                "image_type": "PUBLIC_IMAGE",
                "os_name": "Ubuntu Server 14.04 LTS 64bit",
                "platform": "Ubuntu",
                "snapshots": [],
                "support_cloud_init": true,
                "sync_percent": 0
              },
              {
                "architecture": "i386",
                "created_time": "",
                "image_creator": "",
                "image_description": "Ubuntu Server 14.04 LTS 32bit",
                "image_id": "img-qpxvpujt",
                "image_name": "Ubuntu Server 14.04 LTS 32bit",
                "image_size": 50,
                "image_source": "OFFICIAL",
                "image_state": "NORMAL",
                "image_type": "PUBLIC_IMAGE",
                "os_name": "Ubuntu Server 14.04 LTS 32bit",
                "platform": "Ubuntu",
                "snapshots": [],
                "support_cloud_init": false,
                "sync_percent": 0
              }
            ],
            "instance_type": null,
            "os_name": "ubuntu",
            "result_output_file": null
          },
          "sensitive_attributes": []
        }
      ]
    },
    {
      "mode": "data",
      "type": "tencentcloud_instance_types",
      "name": "default",
      "provider": "provider[\"registry.terraform.io/tencentcloudstack/tencentcloud\"]",
      "instances": [
        {
          "schema_version": 0,
          "attributes": {
            "availability_zone": null,
            "cpu_core_count": 4,
            "exclude_sold_out": false,
            "filter": [
              {
                "name": "instance-family",
                "values": [
                  "SA2"
                ]
              }
            ],
            "gpu_core_count": null,
            "id": "1859246138",
            "instance_types": [
              {
                "availability_zone": "ap-hongkong-2",
                "cpu_core_count": 4,
                "family": "SA2",
                "gpu_core_count": 0,
                "instance_charge_type": "PREPAID",
                "instance_type": "SA2.LARGE4",
                "memory_size": 4,
                "status": "SELL"
              },
              {
                "availability_zone": "ap-hongkong-3",
                "cpu_core_count": 4,
                "family": "SA2",
                "gpu_core_count": 0,
                "instance_charge_type": "PREPAID",
                "instance_type": "SA2.LARGE4",
                "memory_size": 4,
                "status": "SELL"
              },
              {
                "availability_zone": "ap-hongkong-2",
                "cpu_core_count": 4,
                "family": "SA2",
                "gpu_core_count": 0,
                "instance_charge_type": "POSTPAID_BY_HOUR",
                "instance_type": "SA2.LARGE4",
                "memory_size": 4,
                "status": "SELL"
              },
              {
                "availability_zone": "ap-hongkong-3",
                "cpu_core_count": 4,
                "family": "SA2",
                "gpu_core_count": 0,
                "instance_charge_type": "POSTPAID_BY_HOUR",
                "instance_type": "SA2.LARGE4",
                "memory_size": 4,
                "status": "SELL"
              },
              {
                "availability_zone": "ap-hongkong-2",
                "cpu_core_count": 4,
                "family": "SA2",
                "gpu_core_count": 0,
                "instance_charge_type": "SPOTPAID",
                "instance_type": "SA2.LARGE4",
                "memory_size": 4,
                "status": "SELL"
              },
              {
                "availability_zone": "ap-hongkong-3",
                "cpu_core_count": 4,
                "family": "SA2",
                "gpu_core_count": 0,
                "instance_charge_type": "SPOTPAID",
                "instance_type": "SA2.LARGE4",
                "memory_size": 4,
                "status": "SELL"
              },
              {
                "availability_zone": "ap-hongkong-2",
                "cpu_core_count": 4,
                "family": "SA2",
                "gpu_core_count": 0,
                "instance_charge_type": "PREPAID",
                "instance_type": "SA2.LARGE8",
                "memory_size": 8,
                "status": "SELL"
              },
              {
                "availability_zone": "ap-hongkong-3",
                "cpu_core_count": 4,
                "family": "SA2",
                "gpu_core_count": 0,
                "instance_charge_type": "PREPAID",
                "instance_type": "SA2.LARGE8",
                "memory_size": 8,
                "status": "SELL"
              },
              {
                "availability_zone": "ap-hongkong-2",
                "cpu_core_count": 4,
                "family": "SA2",
                "gpu_core_count": 0,
                "instance_charge_type": "POSTPAID_BY_HOUR",
                "instance_type": "SA2.LARGE8",
                "memory_size": 8,
                "status": "SELL"
              },
              {
                "availability_zone": "ap-hongkong-3",
                "cpu_core_count": 4,
                "family": "SA2",
                "gpu_core_count": 0,
                "instance_charge_type": "POSTPAID_BY_HOUR",
                "instance_type": "SA2.LARGE8",
                "memory_size": 8,
                "status": "SELL"
              },
              {
                "availability_zone": "ap-hongkong-2",
                "cpu_core_count": 4,
                "family": "SA2",
                "gpu_core_count": 0,
                "instance_charge_type": "SPOTPAID",
                "instance_type": "SA2.LARGE8",
                "memory_size": 8,
                "status": "SELL"
              },
              {
                "availability_zone": "ap-hongkong-3",
                "cpu_core_count": 4,
                "family": "SA2",
                "gpu_core_count": 0,
                "instance_charge_type": "SPOTPAID",
                "instance_type": "SA2.LARGE8",
                "memory_size": 8,
                "status": "SELL"
              },
              {
                "availability_zone": "ap-hongkong-2",
                "cpu_core_count": 4,
                "family": "SA2",
                "gpu_core_count": 0,
                "instance_charge_type": "PREPAID",
                "instance_type": "SA2.LARGE16",
                "memory_size": 16,
                "status": "SELL"
              },
              {
                "availability_zone": "ap-hongkong-2",
                "cpu_core_count": 4,
                "family": "SA2",
                "gpu_core_count": 0,
                "instance_charge_type": "POSTPAID_BY_HOUR",
                "instance_type": "SA2.LARGE16",
                "memory_size": 16,
                "status": "SELL"
              },
              {
                "availability_zone": "ap-hongkong-2",
                "cpu_core_count": 4,
                "family": "SA2",
                "gpu_core_count": 0,
                "instance_charge_type": "SPOTPAID",
                "instance_type": "SA2.LARGE16",
                "memory_size": 16,
                "status": "SELL"
              },
              {
                "availability_zone": "ap-hongkong-3",
                "cpu_core_count": 4,
                "family": "SA2",
                "gpu_core_count": 0,
                "instance_charge_type": "PREPAID",
                "instance_type": "SA2.LARGE16",
                "memory_size": 16,
                "status": "SOLD_OUT"
              },
              {
                "availability_zone": "ap-hongkong-3",
                "cpu_core_count": 4,
                "family": "SA2",
                "gpu_core_count": 0,
                "instance_charge_type": "POSTPAID_BY_HOUR",
                "instance_type": "SA2.LARGE16",
                "memory_size": 16,
                "status": "SOLD_OUT"
              },
              {
                "availability_zone": "ap-hongkong-3",
                "cpu_core_count": 4,
                "family": "SA2",
                "gpu_core_count": 0,
                "instance_charge_type": "SPOTPAID",
                "instance_type": "SA2.LARGE16",
                "memory_size": 16,
                "status": "SOLD_OUT"
              }
            ],
            "memory_size": null,
            "result_output_file": null
          },
          "sensitive_attributes": []
        }
      ]
    },
    {
      "mode": "managed",
      "type": "local_sensitive_file",
      "name": "kubeconfig",
      "provider": "provider[\"registry.terraform.io/hashicorp/local\"]",
      "instances": [
        {
          "schema_version": 0,
          "attributes": {
            "content": "\"apiVersion\": \"v1\"\n\"clusters\":\n- \"cluster\":\n    \"certificate-authority-data\": \"LS0tLS1CRUdJTiBDRVJUSUZJQ0FURS0tLS0tCk1JSUJ2VENDQVVPZ0F3SUJBZ0lRRk8xTzlqcWZjaFZsblNnQ3E2SXVWakFLQmdncWhrak9QUVFEQXpBZk1SMHcKR3dZRFZRUURFeFJyZFdKbGNtNWxkR1Z6TFhObGNuWmxjaTFqWVRBZ0Z3MHlOREE1TVRnd056UTJORGhhR0E4eQpNVEkwTURreE9UQTNORFkwT0Zvd0h6RWRNQnNHQTFVRUF4TVVhM1ZpWlhKdVpYUmxjeTF6WlhKMlpYSXRZMkV3CmRqQVFCZ2NxaGtqT1BRSUJCZ1VyZ1FRQUlnTmlBQVEwQmdKNXcwQjZrK1dJQWxvQ2s4VkdiN3pUL3Y5Vkdna0MKUnh1RjZ0RUR2ZkpoYXVEWnJDdThpYTNBR0E0RXJ6MTcwWlRxYVluSStqdE9uYnZPaW5xbE5DZ1JvSU81UC8vawpIYzhtdWFyQ3EvekZiK1NzSHUxMWhxVlFvaEZyT3RPalFqQkFNQTRHQTFVZER3RUIvd1FFQXdJQ3BEQVBCZ05WCkhSTUJBZjhFQlRBREFRSC9NQjBHQTFVZERnUVdCQlNROWp0cWpjSkxFQTFTMmZTU2MxamlQZ1I3TERBS0JnZ3EKaGtqT1BRUURBd05vQURCbEFqRUFqRWZSb3R5dGVzUUd0QjZ2MGora3psV3dkVkRWRjdqV2VQUWtObTJzNDkwMQphK0hiSFdrVHN1SHVIOUp1OXRIY0FqQTdZUU0zWENYYzAzNDgxT1g4cnh2anFqeHMyVzl5Snhtd1JibUNpS1NXCitOUUlXL1BEZE9wRUxMeHdkZkFlMkNnPQotLS0tLUVORCBDRVJUSUZJQ0FURS0tLS0tCg==\"\n    \"server\": \"https://43.154.108.115:6443\"\n  \"name\": \"cluster.local\"\n\"contexts\":\n- \"context\":\n    \"cluster\": \"cluster.local\"\n    \"user\": \"master-user\"\n  \"name\": \"cluster.local\"\n\"current-context\": \"cluster.local\"\n\"kind\": \"Config\"\n\"preferences\": {}\n\"users\":\n- \"name\": \"master-user\"\n  \"user\":\n    \"client-certificate-data\": \"LS0tLS1CRUdJTiBDRVJUSUZJQ0FURS0tLS0tCk1JSUI0akNDQVdpZ0F3SUJBZ0lSQUtEb0RaTHRucVhhS2JYYzNMM0FCQ2d3Q2dZSUtvWkl6ajBFQXdNd0h6RWQKTUJzR0ExVUVBeE1VYTNWaVpYSnVaWFJsY3kxamJHbGxiblF0WTJFd0lCY05NalF3T1RFNE1EYzBOalE0V2hnUApNakV5TkRBNU1Ua3dOelEyTkRoYU1DOHhGekFWQmdOVkJBb1REbk41YzNSbGJUcHRZWE4wWlhKek1SUXdFZ1lEClZRUURFd3R0WVhOMFpYSXRkWE5sY2pCMk1CQUdCeXFHU000OUFnRUdCU3VCQkFBaUEySUFCS0ZyQ1dKS1NqaG8KY0RLdWFxd3VMRmlDdFBnMFBnNmV6QUM5aWdqeVluM2I1ZFQ4SGtGQWR1UmhlMnNiUTNENWdMUzVWUS9mMHY4eQo2UWZSTktTRkFrdWhmTjc0RVA4eUhwY0doT0JoYmVMaDNDT3Q2dldTSENoSzYvTXFDSVhsMHFOV01GUXdEZ1lEClZSMFBBUUgvQkFRREFnV2dNQk1HQTFVZEpRUU1NQW9HQ0NzR0FRVUZCd01DTUF3R0ExVWRFd0VCL3dRQ01BQXcKSHdZRFZSMGpCQmd3Rm9BVWEyVWF6a09zRWl6YzBKdWJwbnN6UTlJZEVWd3dDZ1lJS29aSXpqMEVBd01EYUFBdwpaUUl4QUphYUJvdVQ1c0dvZGVWZ21CbGJtekpmaW1RMXNUZ3A2T3JXakpmWUhtMmxIdm9qd0VRU0NjMkJ6c2ovCmE1NU1RQUl3RU9wYUZhNVk4cDd0cjhwTWVTOXdkbG0rVitzeUlNRVc3cWViamJ4S2l5OTg1MW1TakdBNnpteUoKOG5UeUd5bXgKLS0tLS1FTkQgQ0VSVElGSUNBVEUtLS0tLQo=\"\n    \"client-key-data\": \"LS0tLS1CRUdJTiBFQyBQUklWQVRFIEtFWS0tLS0tCk1JR2tBZ0VCQkREUVpKczNmakJ1Z1IvTmY2ejZoSm8zdE5KSFFTUjRoUEZwQURBdDlmZUVnUDU1YkdxenlTaEsKQ25hTXhvTjdpaHlnQndZRks0RUVBQ0toWkFOaUFBU2hhd2xpU2tvNGFIQXlybXFzTGl4WWdyVDRORDRPbnN3QQp2WW9JOG1KOTIrWFUvQjVCUUhia1lYdHJHME53K1lDMHVWVVAzOUwvTXVrSDBUU2toUUpMb1h6ZStCRC9NaDZYCkJvVGdZVzNpNGR3anJlcjFraHdvU3V2ektnaUY1ZEk9Ci0tLS0tRU5EIEVDIFBSSVZBVEUgS0VZLS0tLS0K\"\n",
            "content_base64": null,
            "content_base64sha256": "bDXUNIM0akVvLAxbwwcnwLgmk1K6fBNjlcXfhvXQFBE=",
            "content_base64sha512": "1rNuKSIQLqTako2w2l4O7VaRrtA89o9SzX0t/sHUErs93snRUTN7858KFZWQhpVFzxJ0l2x1D2F3do1gtODAZA==",
            "content_md5": "151a55fc200d8afd3fa5b54c751722be",
            "content_sha1": "fdf9026f0511b7f5db9c1214dc68ab77c0e32867",
            "content_sha256": "6c35d43483346a456f2c0c5bc30727c0b8269352ba7c136395c5df86f5d01411",
            "content_sha512": "d6b36e2922102ea4da928db0da5e0eed5691aed03cf68f52cd7d2dfec1d412bb3ddec9d151337bf39f0a159590869545cf1274976c750f6177768d60b4e0c064",
            "directory_permission": "0700",
            "file_permission": "0700",
            "filename": "./config.yaml",
            "id": "fdf9026f0511b7f5db9c1214dc68ab77c0e32867",
            "source": null
          },
          "sensitive_attributes": [
            [
              {
                "type": "get_attr",
                "value": "content"
              }
            ],
            [
              {
                "type": "get_attr",
                "value": "content_base64"
              }
            ]
          ],
          "dependencies": [
            "data.tencentcloud_availability_zones_by_product.default",
            "data.tencentcloud_images.default",
            "data.tencentcloud_instance_types.default",
            "module.k3s.tls_cert_request.master_user",
            "module.k3s.tls_locally_signed_cert.master_user",
            "module.k3s.tls_private_key.kubernetes_ca",
            "module.k3s.tls_private_key.master_user",
            "module.k3s.tls_self_signed_cert.kubernetes_ca_certs",
            "tencentcloud_instance.web",
            "tencentcloud_security_group.default",
            "tencentcloud_security_group_lite_rule.default"
          ]
        }
      ]
    },
    {
      "mode": "managed",
      "type": "null_resource",
      "name": "connect_ubuntu",
      "provider": "provider[\"registry.terraform.io/hashicorp/null\"]",
      "instances": [
        {
          "schema_version": 0,
          "attributes": {
            "id": "5512367275498035479",
            "triggers": {
              "script_hash": "cd79ea56025b6ed32a2a791756fba843"
            }
          },
          "sensitive_attributes": [],
          "dependencies": [
            "data.tencentcloud_availability_zones_by_product.default",
            "data.tencentcloud_images.default",
            "data.tencentcloud_instance_types.default",
            "module.k3s.data.http.k3s_installer",
            "module.k3s.data.http.k3s_version",
            "module.k3s.null_resource.agents_annotation",
            "module.k3s.null_resource.agents_drain",
            "module.k3s.null_resource.agents_install",
            "module.k3s.null_resource.agents_label",
            "module.k3s.null_resource.agents_taint",
            "module.k3s.null_resource.k8s_ca_certificates_install",
            "module.k3s.null_resource.kubernetes_ready",
            "module.k3s.null_resource.servers_annotation",
            "module.k3s.null_resource.servers_drain",
            "module.k3s.null_resource.servers_install",
            "module.k3s.null_resource.servers_label",
            "module.k3s.null_resource.servers_taint",
            "module.k3s.random_password.k3s_cluster_secret",
            "module.k3s.tls_cert_request.master_user",
            "module.k3s.tls_locally_signed_cert.master_user",
            "module.k3s.tls_private_key.kubernetes_ca",
            "module.k3s.tls_private_key.master_user",
            "module.k3s.tls_self_signed_cert.kubernetes_ca_certs",
            "tencentcloud_instance.web",
            "tencentcloud_security_group.default",
            "tencentcloud_security_group_lite_rule.default"
          ]
        }
      ]
    },
    {
      "mode": "managed",
      "type": "tencentcloud_instance",
      "name": "web",
      "provider": "provider[\"registry.terraform.io/tencentcloudstack/tencentcloud\"]",
      "instances": [
        {
          "index_key": 0,
          "schema_version": 0,
          "attributes": {
            "allocate_public_ip": true,
            "availability_zone": "ap-hongkong-2",
            "bandwidth_package_id": null,
            "cam_role_name": "",
            "cdh_host_id": null,
            "cdh_instance_type": null,
            "cpu": 4,
            "create_time": "2024-09-18T07:49:11Z",
            "data_disks": [],
            "disable_api_termination": false,
            "disable_monitor_service": false,
            "disable_security_service": false,
            "expired_time": "",
            "force_delete": false,
            "hostname": null,
            "id": "ins-6efkpfuu",
            "image_id": "img-mmytdhbn",
            "instance_charge_type": "POSTPAID_BY_HOUR",
            "instance_charge_type_prepaid_period": null,
            "instance_charge_type_prepaid_renew_flag": "",
            "instance_count": null,
            "instance_name": "web server",
            "instance_status": "RUNNING",
            "instance_type": "SA2.LARGE4",
            "internet_charge_type": "TRAFFIC_POSTPAID_BY_HOUR",
            "internet_max_bandwidth_out": 100,
            "keep_image_login": null,
            "key_ids": [],
            "key_name": "",
            "memory": 4,
            "orderly_security_groups": [
              "sg-gkcy555d"
            ],
            "os_name": "Ubuntu Server 24.04 LTS 64bit",
            "password": "password123",
            "placement_group_id": null,
            "private_ip": "172.19.0.26",
            "project_id": 0,
            "public_ip": "43.154.108.115",
            "running_flag": true,
            "security_groups": [
              "sg-gkcy555d"
            ],
            "spot_instance_type": null,
            "spot_max_price": null,
            "stopped_mode": null,
            "subnet_id": "subnet-gjfyzxor",
            "system_disk_id": "disk-fz9lw6jw",
            "system_disk_size": 50,
            "system_disk_type": "CLOUD_PREMIUM",
            "tags": null,
            "timeouts": null,
            "user_data": null,
            "user_data_raw": null,
            "uuid": "ce60cb56-bd0f-48d6-83f7-32276acd965e",
            "vpc_id": "vpc-1ds1cs38"
          },
          "sensitive_attributes": [
            [
              {
                "type": "get_attr",
                "value": "password"
              }
            ]
          ],
          "private": "eyJlMmJmYjczMC1lY2FhLTExZTYtOGY4OC0zNDM2M2JjN2M0YzAiOnsiY3JlYXRlIjo5MDAwMDAwMDAwMDB9fQ==",
          "dependencies": [
            "data.tencentcloud_availability_zones_by_product.default",
            "data.tencentcloud_images.default",
            "data.tencentcloud_instance_types.default",
            "tencentcloud_security_group.default",
            "tencentcloud_security_group_lite_rule.default"
          ]
        }
      ]
    },
    {
      "mode": "managed",
      "type": "tencentcloud_security_group",
      "name": "default",
      "provider": "provider[\"registry.terraform.io/tencentcloudstack/tencentcloud\"]",
      "instances": [
        {
          "schema_version": 0,
          "attributes": {
            "description": "make it accessible for both production and stage ports",
            "id": "sg-gkcy555d",
            "name": "tf-security-group",
            "project_id": 0,
            "tags": null
          },
          "sensitive_attributes": [],
          "private": "bnVsbA=="
        }
      ]
    },
    {
      "mode": "managed",
      "type": "tencentcloud_security_group_lite_rule",
      "name": "default",
      "provider": "provider[\"registry.terraform.io/tencentcloudstack/tencentcloud\"]",
      "instances": [
        {
          "schema_version": 0,
          "attributes": {
            "egress": [
              "ACCEPT#0.0.0.0/0#ALL#ALL"
            ],
            "id": "sg-gkcy555d",
            "ingress": [
              "ACCEPT#0.0.0.0/0#22#TCP",
              "ACCEPT#0.0.0.0/0#6443#TCP",
              "ACCEPT#0.0.0.0/0#ALL#TCP"
            ],
            "security_group_id": "sg-gkcy555d"
          },
          "sensitive_attributes": [],
          "private": "bnVsbA==",
          "dependencies": [
            "tencentcloud_security_group.default"
          ]
        }
      ]
    }
  ],
  "check_results": [
    {
      "object_kind": "var",
      "config_addr": "module.k3s.var.name",
      "status": "pass",
      "objects": [
        {
          "object_addr": "module.k3s.var.name",
          "status": "pass"
        }
      ]
    },
    {
      "object_kind": "var",
      "config_addr": "module.k3s.var.agents",
      "status": "pass",
      "objects": [
        {
          "object_addr": "module.k3s.var.agents",
          "status": "pass"
        }
      ]
    },
    {
      "object_kind": "var",
      "config_addr": "module.k3s.var.k3s_install_env_vars",
      "status": "pass",
      "objects": [
        {
          "object_addr": "module.k3s.var.k3s_install_env_vars",
          "status": "pass"
        }
      ]
    },
    {
      "object_kind": "var",
      "config_addr": "module.k3s.var.servers",
      "status": "pass",
      "objects": [
        {
          "object_addr": "module.k3s.var.servers",
          "status": "pass"
        }
      ]
    }
  ]
}
