{
  "version": 4,
  "terraform_version": "1.9.3",
  "serial": 56,
  "lineage": "635da8f6-deca-a1c4-efd5-cc85e44a5861",
  "outputs": {},
  "resources": [
    {
      "module": "module.cvm",
      "mode": "managed",
      "type": "tencentcloud_security_group",
      "name": "web_sg",
      "provider": "module.cvm.provider[\"registry.terraform.io/tencentcloudstack/tencentcloud\"]",
      "instances": [
        {
          "schema_version": 0,
          "attributes": {
            "description": "make it accessible for both production and stage ports",
            "id": "sg-oosykxm9",
            "name": "web-sg",
            "project_id": 0,
            "tags": {}
          },
          "sensitive_attributes": [],
          "private": "bnVsbA=="
        }
      ]
    },
    {
      "module": "module.cvm",
      "mode": "managed",
      "type": "tencentcloud_security_group_rule",
      "name": "grafana",
      "provider": "module.cvm.provider[\"registry.terraform.io/tencentcloudstack/tencentcloud\"]",
      "instances": [
        {
          "schema_version": 0,
          "attributes": {
            "address_template": [],
            "cidr_ip": "0.0.0.0/0",
            "description": "",
            "id": "eyJzZ19pZCI6InNnLW9vc3lreG05IiwicG9saWN5X3R5cGUiOiJpbmdyZXNzIiwiY2lkcl9pcCI6IjAuMC4wLjAvMCIsInByb3RvY29sIjoidGNwIiwicG9ydF9yYW5nZSI6IjMwMDgwIiwiYWN0aW9uIjoiYWNjZXB0Iiwic291cmNlX3NnX2lkIjoiIiwiZGVzY3JpcHRpb24iOiIifQ==",
            "ip_protocol": "tcp",
            "policy": "accept",
            "policy_index": null,
            "port_range": "30080",
            "protocol_template": [],
            "security_group_id": "sg-oosykxm9",
            "source_sgid": null,
            "type": "ingress"
          },
          "sensitive_attributes": [],
          "private": "bnVsbA==",
          "dependencies": [
            "module.cvm.tencentcloud_security_group.web_sg"
          ]
        }
      ]
    },
    {
      "module": "module.cvm",
      "mode": "managed",
      "type": "tencentcloud_security_group_rule",
      "name": "thanos_bucket",
      "provider": "module.cvm.provider[\"registry.terraform.io/tencentcloudstack/tencentcloud\"]",
      "instances": [
        {
          "schema_version": 0,
          "attributes": {
            "address_template": [],
            "cidr_ip": "0.0.0.0/0",
            "description": "",
            "id": "eyJzZ19pZCI6InNnLW9vc3lreG05IiwicG9saWN5X3R5cGUiOiJpbmdyZXNzIiwiY2lkcl9pcCI6IjAuMC4wLjAvMCIsInByb3RvY29sIjoidGNwIiwicG9ydF9yYW5nZSI6IjMwMDkyIiwiYWN0aW9uIjoiYWNjZXB0Iiwic291cmNlX3NnX2lkIjoiIiwiZGVzY3JpcHRpb24iOiIifQ==",
            "ip_protocol": "tcp",
            "policy": "accept",
            "policy_index": null,
            "port_range": "30092",
            "protocol_template": [],
            "security_group_id": "sg-oosykxm9",
            "source_sgid": null,
            "type": "ingress"
          },
          "sensitive_attributes": [],
          "private": "bnVsbA==",
          "dependencies": [
            "module.cvm.tencentcloud_security_group.web_sg"
          ]
        }
      ]
    }
  ],
  "check_results": null
}
