{
  "version": 4,
  "terraform_version": "1.9.3",
  "serial": 135,
  "lineage": "b8130fbe-7330-64ec-caa3-408e76de49f8",
  "outputs": {
    "cvm_password": {
      "value": "password123",
      "type": "string"
    },
    "grafana": {
      "value": "43.129.90.86:30080, admin/password123",
      "type": "string"
    },
    "kube_config": {
      "value": "./config.yaml",
      "type": "string"
    },
    "prometheus": {
      "value": "43.129.90.86:30090",
      "type": "string"
    },
    "public_ip": {
      "value": "43.129.90.86",
      "type": "string"
    }
  },
  "resources": [
    {
      "mode": "managed",
      "type": "local_sensitive_file",
      "name": "kubeconfig",
      "provider": "provider[\"registry.terraform.io/hashicorp/local\"]",
      "instances": [
        {
          "schema_version": 0,
          "attributes": {
            "content": "\"apiVersion\": \"v1\"\n\"clusters\":\n- \"cluster\":\n    \"certificate-authority-data\": \"LS0tLS1CRUdJTiBDRVJUSUZJQ0FURS0tLS0tCk1JSUJ2akNDQVVTZ0F3SUJBZ0lSQU1VcWdIdGVPSUhpT3pBS3RlMnRaeVl3Q2dZSUtvWkl6ajBFQXdNd0h6RWQKTUJzR0ExVUVBeE1VYTNWaVpYSnVaWFJsY3kxelpYSjJaWEl0WTJFd0lCY05NalF4TVRNd01EVXdNREEwV2hnUApNakV5TkRFeU1ERXdOVEF3TURSYU1COHhIVEFiQmdOVkJBTVRGR3QxWW1WeWJtVjBaWE10YzJWeWRtVnlMV05oCk1IWXdFQVlIS29aSXpqMENBUVlGSzRFRUFDSURZZ0FFZm9IcHRSdnQvNlFvNWhPNnpEejVqNHc1L09lemprQXgKOTRxeVhYeUxZR3orR3ZLK0RMWDUzMlBQdDA5RG1wNTFGOGdJVWpaYWx0KzRXdzFGMlZFc3JTdll2SjNDNlFsQgpLdW5DMHoweGNvMGRTa2dQNkxQdVhaOHF5RkNRTVZpQ28wSXdRREFPQmdOVkhROEJBZjhFQkFNQ0FxUXdEd1lEClZSMFRBUUgvQkFVd0F3RUIvekFkQmdOVkhRNEVGZ1FVZGhOR1V2MjhEVVhLM2dYV1lzUVI2KzRaWWdjd0NnWUkKS29aSXpqMEVBd01EYUFBd1pRSXdYb3g0a3pkcGVKbGZCQy91dUR5TDBZUUZTQVZ0N1MwbmF5SXhtMnhOU0l2WApEbEc1bDdOc1BzWi9PNVAyU09yYUFqRUE3em5LMmtsTXFSV0tZNVVlcWJyeXdrUlFoVWlKc0dBVnVnaW4rb0ZSCkNjVFcwY1ZUQURhNlZPUko3LzVuVVJJcgotLS0tLUVORCBDRVJUSUZJQ0FURS0tLS0tCg==\"\n    \"server\": \"https://43.129.90.86:6443\"\n  \"name\": \"cluster.local\"\n\"contexts\":\n- \"context\":\n    \"cluster\": \"cluster.local\"\n    \"user\": \"master-user\"\n  \"name\": \"cluster.local\"\n\"current-context\": \"cluster.local\"\n\"kind\": \"Config\"\n\"preferences\": {}\n\"users\":\n- \"name\": \"master-user\"\n  \"user\":\n    \"client-certificate-data\": \"LS0tLS1CRUdJTiBDRVJUSUZJQ0FURS0tLS0tCk1JSUI0ekNDQVdpZ0F3SUJBZ0lSQUljaW40WEI5Nko0a0w0VzM5OGRteHd3Q2dZSUtvWkl6ajBFQXdNd0h6RWQKTUJzR0ExVUVBeE1VYTNWaVpYSnVaWFJsY3kxamJHbGxiblF0WTJFd0lCY05NalF4TVRNd01EVXdNREEwV2hnUApNakV5TkRFeU1ERXdOVEF3TURSYU1DOHhGekFWQmdOVkJBb1REbk41YzNSbGJUcHRZWE4wWlhKek1SUXdFZ1lEClZRUURFd3R0WVhOMFpYSXRkWE5sY2pCMk1CQUdCeXFHU000OUFnRUdCU3VCQkFBaUEySUFCQ00yVy9HZitOUHQKTlVFOTBQZGE5REpMWVRhenFXOUZvcDEwYnlWL0lxMFZuZElHd3k0SHdIWUV5Mkl3bWJQc0Q4TnZQQkdkM29tVgp5NDV6WUlTNXFNQk9OTW11U3UxWHNwOGpIUmQxaFlQSW5IbUJGeVE4c21tVU1tWFFxcjBndktOV01GUXdEZ1lEClZSMFBBUUgvQkFRREFnV2dNQk1HQTFVZEpRUU1NQW9HQ0NzR0FRVUZCd01DTUF3R0ExVWRFd0VCL3dRQ01BQXcKSHdZRFZSMGpCQmd3Rm9BVXl2ci9QWlpJU2N5TnlNUmVjRG1IWTFFeitYRXdDZ1lJS29aSXpqMEVBd01EYVFBdwpaZ0l4QU9MaSt5TkdQMHMrZ2lvQ0V2ZXBBOWhBN3pvQ1k4V1AwUnNJS0I1OHBQTXpydjZpd3dZdEtHeGt0emcwCkE5SXJ4Z0l4QU1nSllZRlNwR1E4dWFKMlJidkdDdExxMzlEcnRYTVpXNVZVZXBsaHk0T1hrNHJmT0o0UXRGVEsKemk3KzY3VjllQT09Ci0tLS0tRU5EIENFUlRJRklDQVRFLS0tLS0K\"\n    \"client-key-data\": \"LS0tLS1CRUdJTiBFQyBQUklWQVRFIEtFWS0tLS0tCk1JR2tBZ0VCQkRBUXEwMUZJVHY2WlRWbnFaS0c2OTFDQjVWdHBPRk9YSzBDbkJCZFFQZDd0bkwrbHhlUXdJTnoKNi90MVBQM1g1bXlnQndZRks0RUVBQ0toWkFOaUFBUWpObHZ4bi9qVDdUVkJQZEQzV3ZReVMyRTJzNmx2UmFLZApkRzhsZnlLdEZaM1NCc011QjhCMkJNdGlNSm16N0EvRGJ6d1JuZDZKbGN1T2MyQ0V1YWpBVGpUSnJrcnRWN0tmCkl4MFhkWVdEeUp4NWdSY2tQTEpwbERKbDBLcTlJTHc9Ci0tLS0tRU5EIEVDIFBSSVZBVEUgS0VZLS0tLS0K\"\n",
            "content_base64": null,
            "content_base64sha256": "fD5l/Vpcl9MhbDqFkVASuv0C+RRp4sNDgUfb3831jhs=",
            "content_base64sha512": "ROv5NnfWclLjLwwBJPG8FVIBSARS6eQ2EkvbGcNwOj5nNvs4/GmEkx0bkzFNfSAXEnmTiNmsyJQFkkE7umOOEQ==",
            "content_md5": "35dc504e695c4f6d9dd76c761949cb57",
            "content_sha1": "4a5f222f3dc41194b0d5a103b42d4cb56f60c267",
            "content_sha256": "7c3e65fd5a5c97d3216c3a85915012bafd02f91469e2c3438147dbdfcdf58e1b",
            "content_sha512": "44ebf93677d67252e32f0c0124f1bc155201480452e9e436124bdb19c3703a3e6736fb38fc6984931d1b93314d7d201712799388d9acc8940592413bba638e11",
            "directory_permission": "0700",
            "file_permission": "0700",
            "filename": "./config.yaml",
            "id": "4a5f222f3dc41194b0d5a103b42d4cb56f60c267",
            "source": null
          },
          "sensitive_attributes": [
            [
              {
                "type": "get_attr",
                "value": "content"
              }
            ],
            [
              {
                "type": "get_attr",
                "value": "content_base64"
              }
            ]
          ],
          "dependencies": [
            "module.cvm.data.tencentcloud_images.default",
            "module.cvm.data.tencentcloud_instance_types.default",
            "module.cvm.tencentcloud_instance.ubuntu",
            "module.cvm.tencentcloud_route_table.tf_routetable",
            "module.cvm.tencentcloud_security_group.web_sg",
            "module.cvm.tencentcloud_subnet.tf_service_subnet",
            "module.cvm.tencentcloud_vpc.tf_vpc",
            "module.k3s.module.k3s.tls_cert_request.master_user",
            "module.k3s.module.k3s.tls_locally_signed_cert.master_user",
            "module.k3s.module.k3s.tls_private_key.kubernetes_ca",
            "module.k3s.module.k3s.tls_private_key.master_user",
            "module.k3s.module.k3s.tls_self_signed_cert.kubernetes_ca_certs",
            "module.vpc.tencentcloud_subnet.subnet",
            "module.vpc.tencentcloud_vpc.vpc"
          ]
        }
      ]
    },
    {
      "module": "module.cvm",
      "mode": "data",
      "type": "tencentcloud_availability_zones_by_product",
      "name": "default",
      "provider": "module.cvm.provider[\"registry.terraform.io/tencentcloudstack/tencentcloud\"]",
      "instances": [
        {
          "schema_version": 0,
          "attributes": {
            "id": "1851109860",
            "include_unavailable": null,
            "name": null,
            "product": "cvm",
            "result_output_file": null,
            "zones": [
              {
                "description": "Hong Kong Zone 2",
                "id": "300002",
                "name": "ap-hongkong-2",
                "state": "AVAILABLE"
              },
              {
                "description": "Hong Kong Zone 3",
                "id": "300003",
                "name": "ap-hongkong-3",
                "state": "AVAILABLE"
              }
            ]
          },
          "sensitive_attributes": []
        }
      ]
    },
    {
      "module": "module.cvm",
      "mode": "data",
      "type": "tencentcloud_images",
      "name": "default",
      "provider": "module.cvm.provider[\"registry.terraform.io/tencentcloudstack/tencentcloud\"]",
      "instances": [
        {
          "schema_version": 0,
          "attributes": {
            "id": "3943428822",
            "image_id": null,
            "image_name_regex": null,
            "image_type": [
              "PUBLIC_IMAGE"
            ],
            "images": [
              {
                "architecture": "x86_64",
                "created_time": "",
                "image_creator": "",
                "image_description": "Ubuntu Server 22.04 LTS 64bit",
                "image_id": "img-487zeit5",
                "image_name": "Ubuntu Server 22.04 LTS 64bit",
                "image_size": 20,
                "image_source": "OFFICIAL",
                "image_state": "NORMAL",
                "image_type": "PUBLIC_IMAGE",
                "os_name": "Ubuntu Server 22.04 LTS 64bit",
                "platform": "Ubuntu",
                "snapshots": [],
                "support_cloud_init": true,
                "sync_percent": 0
              },
              {
                "architecture": "x86_64",
                "created_time": "",
                "image_creator": "",
                "image_description": "Ubuntu Server 24.04 LTS 64bit",
                "image_id": "img-mmytdhbn",
                "image_name": "Ubuntu Server 24.04 LTS 64bit",
                "image_size": 20,
                "image_source": "OFFICIAL",
                "image_state": "NORMAL",
                "image_type": "PUBLIC_IMAGE",
                "os_name": "Ubuntu Server 24.04 LTS 64bit",
                "platform": "Ubuntu",
                "snapshots": [],
                "support_cloud_init": true,
                "sync_percent": 0
              },
              {
                "architecture": "x86_64",
                "created_time": "",
                "image_creator": "",
                "image_description": "Ubuntu Server 22.04 LTS 64bit GRID16.2",
                "image_id": "img-fipweiwz",
                "image_name": "Ubuntu Server 22.04 LTS 64bit GRID16.2",
                "image_size": 20,
                "image_source": "OFFICIAL",
                "image_state": "NORMAL",
                "image_type": "PUBLIC_IMAGE",
                "os_name": "Ubuntu Server 22.04 LTS 64bit GRID16.2",
                "platform": "Ubuntu",
                "snapshots": [],
                "support_cloud_init": true,
                "sync_percent": 0
              },
              {
                "architecture": "x86_64",
                "created_time": "",
                "image_creator": "",
                "image_description": "Ubuntu Server 20.04 LTS 64bit",
                "image_id": "img-22trbn9x",
                "image_name": "Ubuntu Server 20.04 LTS 64bit",
                "image_size": 20,
                "image_source": "OFFICIAL",
                "image_state": "NORMAL",
                "image_type": "PUBLIC_IMAGE",
                "os_name": "Ubuntu Server 20.04 LTS 64bit",
                "platform": "Ubuntu",
                "snapshots": [],
                "support_cloud_init": true,
                "sync_percent": 0
              },
              {
                "architecture": "x86_64",
                "created_time": "",
                "image_creator": "",
                "image_description": "Ubuntu Server 20.04 LTS 64bit GRID16.2",
                "image_id": "img-rx55p5nv",
                "image_name": "Ubuntu Server 20.04 LTS 64bit GRID16.2",
                "image_size": 20,
                "image_source": "OFFICIAL",
                "image_state": "NORMAL",
                "image_type": "PUBLIC_IMAGE",
                "os_name": "Ubuntu Server 20.04 LTS 64bit GRID16.2",
                "platform": "Ubuntu",
                "snapshots": [],
                "support_cloud_init": true,
                "sync_percent": 0
              },
              {
                "architecture": "x86_64",
                "created_time": "",
                "image_creator": "",
                "image_description": "Ubuntu Server 20.04 LTS 64bit GRID11.1",
                "image_id": "img-j10l2cnz",
                "image_name": "Ubuntu Server 20.04 LTS 64bit GRID11.1",
                "image_size": 20,
                "image_source": "OFFICIAL",
                "image_state": "NORMAL",
                "image_type": "PUBLIC_IMAGE",
                "os_name": "Ubuntu Server 20.04 LTS 64bit GRID11.1",
                "platform": "Ubuntu",
                "snapshots": [],
                "support_cloud_init": true,
                "sync_percent": 0
              },
              {
                "architecture": "arm",
                "created_time": "",
                "image_creator": "",
                "image_description": "Ubuntu 20.04(arm64)",
                "image_id": "img-2eokmhf5",
                "image_name": "Ubuntu 20.04(arm64)",
                "image_size": 20,
                "image_source": "OFFICIAL",
                "image_state": "NORMAL",
                "image_type": "PUBLIC_IMAGE",
                "os_name": "Ubuntu 20.04(arm64)",
                "platform": "Ubuntu",
                "snapshots": [],
                "support_cloud_init": true,
                "sync_percent": 0
              },
              {
                "architecture": "x86_64",
                "created_time": "",
                "image_creator": "",
                "image_description": "Ubuntu Server 18.04 LTS 64bit",
                "image_id": "img-pi0ii46r",
                "image_name": "Ubuntu Server 18.04 LTS 64bit",
                "image_size": 20,
                "image_source": "OFFICIAL",
                "image_state": "NORMAL",
                "image_type": "PUBLIC_IMAGE",
                "os_name": "Ubuntu Server 18.04 LTS 64bit",
                "platform": "Ubuntu",
                "snapshots": [],
                "support_cloud_init": true,
                "sync_percent": 0
              },
              {
                "architecture": "arm",
                "created_time": "",
                "image_creator": "",
                "image_description": "Ubuntu 18.04(arm64)",
                "image_id": "img-9eh8c1p1",
                "image_name": "Ubuntu 18.04(arm64)",
                "image_size": 20,
                "image_source": "OFFICIAL",
                "image_state": "NORMAL",
                "image_type": "PUBLIC_IMAGE",
                "os_name": "Ubuntu 18.04(arm64)",
                "platform": "Ubuntu",
                "snapshots": [],
                "support_cloud_init": true,
                "sync_percent": 0
              },
              {
                "architecture": "x86_64",
                "created_time": "",
                "image_creator": "",
                "image_description": "Ubuntu Server 16.04 LTS 64bit",
                "image_id": "img-pyqx34y1",
                "image_name": "Ubuntu Server 16.04 LTS 64bit",
                "image_size": 20,
                "image_source": "OFFICIAL",
                "image_state": "NORMAL",
                "image_type": "PUBLIC_IMAGE",
                "os_name": "Ubuntu Server 16.04 LTS 64bit",
                "platform": "Ubuntu",
                "snapshots": [],
                "support_cloud_init": true,
                "sync_percent": 0
              },
              {
                "architecture": "i386",
                "created_time": "",
                "image_creator": "",
                "image_description": "Ubuntu Server 16.04 LTS 32bit",
                "image_id": "img-8u6dn6p1",
                "image_name": "Ubuntu Server 16.04 LTS 32bit",
                "image_size": 20,
                "image_source": "OFFICIAL",
                "image_state": "NORMAL",
                "image_type": "PUBLIC_IMAGE",
                "os_name": "Ubuntu Server 16.04 LTS 32bit",
                "platform": "Ubuntu",
                "snapshots": [],
                "support_cloud_init": true,
                "sync_percent": 0
              },
              {
                "architecture": "x86_64",
                "created_time": "",
                "image_creator": "",
                "image_description": "Ubuntu Server 14.04 LTS 64bit",
                "image_id": "img-3wnd9xpl",
                "image_name": "Ubuntu Server 14.04 LTS 64bit",
                "image_size": 20,
                "image_source": "OFFICIAL",
                "image_state": "NORMAL",
                "image_type": "PUBLIC_IMAGE",
                "os_name": "Ubuntu Server 14.04 LTS 64bit",
                "platform": "Ubuntu",
                "snapshots": [],
                "support_cloud_init": true,
                "sync_percent": 0
              },
              {
                "architecture": "i386",
                "created_time": "",
                "image_creator": "",
                "image_description": "Ubuntu Server 14.04 LTS 32bit",
                "image_id": "img-qpxvpujt",
                "image_name": "Ubuntu Server 14.04 LTS 32bit",
                "image_size": 50,
                "image_source": "OFFICIAL",
                "image_state": "NORMAL",
                "image_type": "PUBLIC_IMAGE",
                "os_name": "Ubuntu Server 14.04 LTS 32bit",
                "platform": "Ubuntu",
                "snapshots": [],
                "support_cloud_init": false,
                "sync_percent": 0
              },
              {
                "architecture": "x86_64",
                "created_time": "",
                "image_creator": "",
                "image_description": "Ubuntu Server 22.04 LTS 64bit UEFI版",
                "image_id": "img-7rotv4ux",
                "image_name": "Ubuntu Server 22.04 LTS 64bit UEFI版",
                "image_size": 20,
                "image_source": "OFFICIAL",
                "image_state": "NORMAL",
                "image_type": "PUBLIC_IMAGE",
                "os_name": "Ubuntu Server 22.04 LTS 64bit UEFI版",
                "platform": "Ubuntu",
                "snapshots": [],
                "support_cloud_init": true,
                "sync_percent": 0
              }
            ],
            "instance_type": null,
            "os_name": "ubuntu",
            "result_output_file": null
          },
          "sensitive_attributes": []
        }
      ]
    },
    {
      "module": "module.cvm",
      "mode": "data",
      "type": "tencentcloud_instance_types",
      "name": "default",
      "provider": "module.cvm.provider[\"registry.terraform.io/tencentcloudstack/tencentcloud\"]",
      "instances": [
        {
          "schema_version": 0,
          "attributes": {
            "availability_zone": null,
            "cpu_core_count": 4,
            "exclude_sold_out": false,
            "filter": [
              {
                "name": "instance-family",
                "values": [
                  "S5"
                ]
              },
              {
                "name": "zone",
                "values": [
                  "ap-hongkong-2"
                ]
              }
            ],
            "gpu_core_count": null,
            "id": "4052356896",
            "instance_types": [
              {
                "availability_zone": "ap-hongkong-2",
                "cpu_core_count": 4,
                "family": "S5",
                "gpu_core_count": 0,
                "instance_charge_type": "PREPAID",
                "instance_type": "S5.LARGE16",
                "memory_size": 16,
                "status": "SELL"
              },
              {
                "availability_zone": "ap-hongkong-2",
                "cpu_core_count": 4,
                "family": "S5",
                "gpu_core_count": 0,
                "instance_charge_type": "POSTPAID_BY_HOUR",
                "instance_type": "S5.LARGE16",
                "memory_size": 16,
                "status": "SELL"
              },
              {
                "availability_zone": "ap-hongkong-2",
                "cpu_core_count": 4,
                "family": "S5",
                "gpu_core_count": 0,
                "instance_charge_type": "SPOTPAID",
                "instance_type": "S5.LARGE16",
                "memory_size": 16,
                "status": "SELL"
              }
            ],
            "memory_size": 16,
            "result_output_file": null
          },
          "sensitive_attributes": []
        }
      ]
    },
    {
      "module": "module.cvm",
      "mode": "managed",
      "type": "tencentcloud_instance",
      "name": "ubuntu",
      "provider": "module.cvm.provider[\"registry.terraform.io/tencentcloudstack/tencentcloud\"]",
      "instances": [
        {
          "index_key": 0,
          "schema_version": 0,
          "attributes": {
            "allocate_public_ip": true,
            "availability_zone": "ap-hongkong-2",
            "bandwidth_package_id": null,
            "cam_role_name": "",
            "cdh_host_id": null,
            "cdh_instance_type": null,
            "create_time": "2024-11-30T05:00:38Z",
            "data_disks": [],
            "disable_api_termination": false,
            "disable_monitor_service": false,
            "disable_security_service": false,
            "expired_time": "",
            "force_delete": false,
            "hostname": "loki-0",
            "id": "ins-fa1boej2",
            "image_id": "img-487zeit5",
            "instance_charge_type": "SPOTPAID",
            "instance_charge_type_prepaid_period": null,
            "instance_charge_type_prepaid_renew_flag": "",
            "instance_count": null,
            "instance_name": "loki-0",
            "instance_status": "RUNNING",
            "instance_type": "S5.LARGE16",
            "internet_charge_type": "TRAFFIC_POSTPAID_BY_HOUR",
            "internet_max_bandwidth_out": 100,
            "keep_image_login": null,
            "key_ids": [
              ""
            ],
            "key_name": "",
            "orderly_security_groups": [
              "sg-8smjvpuf"
            ],
            "password": "password123",
            "placement_group_id": null,
            "private_ip": "10.0.1.9",
            "project_id": 0,
            "public_ip": "43.129.90.86",
            "running_flag": true,
            "security_groups": [
              "sg-8smjvpuf"
            ],
            "spot_instance_type": null,
            "spot_max_price": null,
            "stopped_mode": null,
            "subnet_id": "subnet-iiq0c559",
            "system_disk_id": "disk-nqvi139m",
            "system_disk_size": 100,
            "system_disk_type": "CLOUD_SSD",
            "tags": {
              "dev": "tf-dev",
              "web": "tf-web"
            },
            "user_data": null,
            "user_data_raw": null,
            "vpc_id": "vpc-ozde317g"
          },
          "sensitive_attributes": [
            [
              {
                "type": "get_attr",
                "value": "password"
              }
            ]
          ],
          "private": "bnVsbA==",
          "dependencies": [
            "module.cvm.data.tencentcloud_images.default",
            "module.cvm.data.tencentcloud_instance_types.default",
            "module.cvm.tencentcloud_route_table.tf_routetable",
            "module.cvm.tencentcloud_security_group.web_sg",
            "module.cvm.tencentcloud_subnet.tf_service_subnet",
            "module.cvm.tencentcloud_vpc.tf_vpc",
            "module.vpc.tencentcloud_subnet.subnet",
            "module.vpc.tencentcloud_vpc.vpc"
          ]
        }
      ]
    },
    {
      "module": "module.cvm",
      "mode": "managed",
      "type": "tencentcloud_route_table",
      "name": "tf_routetable",
      "provider": "module.cvm.provider[\"registry.terraform.io/tencentcloudstack/tencentcloud\"]",
      "instances": [
        {
          "schema_version": 0,
          "attributes": {
            "create_time": "2024-11-30 13:00:12",
            "id": "rtb-62j09cm3",
            "is_default": false,
            "name": "tf-rt",
            "route_entry_ids": [],
            "subnet_ids": [],
            "tags": null,
            "vpc_id": "vpc-7g2digfu"
          },
          "sensitive_attributes": [],
          "private": "bnVsbA==",
          "dependencies": [
            "module.cvm.tencentcloud_vpc.tf_vpc"
          ]
        }
      ]
    },
    {
      "module": "module.cvm",
      "mode": "managed",
      "type": "tencentcloud_security_group",
      "name": "web_sg",
      "provider": "module.cvm.provider[\"registry.terraform.io/tencentcloudstack/tencentcloud\"]",
      "instances": [
        {
          "schema_version": 0,
          "attributes": {
            "description": "make it accessible for both production and stage ports",
            "id": "sg-8smjvpuf",
            "name": "web-sg",
            "project_id": 0,
            "tags": null
          },
          "sensitive_attributes": [],
          "private": "bnVsbA=="
        }
      ]
    },
    {
      "module": "module.cvm",
      "mode": "managed",
      "type": "tencentcloud_security_group_rule",
      "name": "all",
      "provider": "module.cvm.provider[\"registry.terraform.io/tencentcloudstack/tencentcloud\"]",
      "instances": [
        {
          "schema_version": 0,
          "attributes": {
            "address_template": null,
            "cidr_ip": "0.0.0.0/0",
            "description": "",
            "id": "eyJzZ19pZCI6InNnLThzbWp2cHVmIiwicG9saWN5X3R5cGUiOiJpbmdyZXNzIiwiY2lkcl9pcCI6IjAuMC4wLjAvMCIsInByb3RvY29sIjoidGNwIiwicG9ydF9yYW5nZSI6IkFMTCIsImFjdGlvbiI6ImFjY2VwdCIsInNvdXJjZV9zZ19pZCI6IiIsImRlc2NyaXB0aW9uIjoiIn0=",
            "ip_protocol": "tcp",
            "policy": "accept",
            "policy_index": null,
            "port_range": "ALL",
            "protocol_template": null,
            "security_group_id": "sg-8smjvpuf",
            "source_sgid": null,
            "type": "ingress"
          },
          "sensitive_attributes": [],
          "private": "bnVsbA==",
          "dependencies": [
            "module.cvm.tencentcloud_security_group.web_sg"
          ]
        }
      ]
    },
    {
      "module": "module.cvm",
      "mode": "managed",
      "type": "tencentcloud_security_group_rule",
      "name": "grafana",
      "provider": "module.cvm.provider[\"registry.terraform.io/tencentcloudstack/tencentcloud\"]",
      "instances": [
        {
          "schema_version": 0,
          "attributes": {
            "address_template": null,
            "cidr_ip": "0.0.0.0/0",
            "description": "",
            "id": "eyJzZ19pZCI6InNnLThzbWp2cHVmIiwicG9saWN5X3R5cGUiOiJpbmdyZXNzIiwiY2lkcl9pcCI6IjAuMC4wLjAvMCIsInByb3RvY29sIjoidGNwIiwicG9ydF9yYW5nZSI6IjMwMDgwIiwiYWN0aW9uIjoiYWNjZXB0Iiwic291cmNlX3NnX2lkIjoiIiwiZGVzY3JpcHRpb24iOiIifQ==",
            "ip_protocol": "tcp",
            "policy": "accept",
            "policy_index": null,
            "port_range": "30080",
            "protocol_template": null,
            "security_group_id": "sg-8smjvpuf",
            "source_sgid": null,
            "type": "ingress"
          },
          "sensitive_attributes": [],
          "private": "bnVsbA==",
          "dependencies": [
            "module.cvm.tencentcloud_security_group.web_sg"
          ]
        }
      ]
    },
    {
      "module": "module.cvm",
      "mode": "managed",
      "type": "tencentcloud_security_group_rule",
      "name": "http",
      "provider": "module.cvm.provider[\"registry.terraform.io/tencentcloudstack/tencentcloud\"]",
      "instances": [
        {
          "schema_version": 0,
          "attributes": {
            "address_template": null,
            "cidr_ip": "0.0.0.0/0",
            "description": "",
            "id": "eyJzZ19pZCI6InNnLThzbWp2cHVmIiwicG9saWN5X3R5cGUiOiJpbmdyZXNzIiwiY2lkcl9pcCI6IjAuMC4wLjAvMCIsInByb3RvY29sIjoidGNwIiwicG9ydF9yYW5nZSI6IjgwIiwiYWN0aW9uIjoiYWNjZXB0Iiwic291cmNlX3NnX2lkIjoiIiwiZGVzY3JpcHRpb24iOiIifQ==",
            "ip_protocol": "tcp",
            "policy": "accept",
            "policy_index": null,
            "port_range": "80",
            "protocol_template": null,
            "security_group_id": "sg-8smjvpuf",
            "source_sgid": null,
            "type": "ingress"
          },
          "sensitive_attributes": [],
          "private": "bnVsbA==",
          "dependencies": [
            "module.cvm.tencentcloud_security_group.web_sg"
          ]
        }
      ]
    },
    {
      "module": "module.cvm",
      "mode": "managed",
      "type": "tencentcloud_security_group_rule",
      "name": "https",
      "provider": "module.cvm.provider[\"registry.terraform.io/tencentcloudstack/tencentcloud\"]",
      "instances": [
        {
          "schema_version": 0,
          "attributes": {
            "address_template": null,
            "cidr_ip": "0.0.0.0/0",
            "description": "",
            "id": "eyJzZ19pZCI6InNnLThzbWp2cHVmIiwicG9saWN5X3R5cGUiOiJpbmdyZXNzIiwiY2lkcl9pcCI6IjAuMC4wLjAvMCIsInByb3RvY29sIjoidGNwIiwicG9ydF9yYW5nZSI6IjQ0MyIsImFjdGlvbiI6ImFjY2VwdCIsInNvdXJjZV9zZ19pZCI6IiIsImRlc2NyaXB0aW9uIjoiIn0=",
            "ip_protocol": "tcp",
            "policy": "accept",
            "policy_index": null,
            "port_range": "443",
            "protocol_template": null,
            "security_group_id": "sg-8smjvpuf",
            "source_sgid": null,
            "type": "ingress"
          },
          "sensitive_attributes": [],
          "private": "bnVsbA==",
          "dependencies": [
            "module.cvm.tencentcloud_security_group.web_sg"
          ]
        }
      ]
    },
    {
      "module": "module.cvm",
      "mode": "managed",
      "type": "tencentcloud_security_group_rule",
      "name": "icmp",
      "provider": "module.cvm.provider[\"registry.terraform.io/tencentcloudstack/tencentcloud\"]",
      "instances": [
        {
          "schema_version": 0,
          "attributes": {
            "address_template": null,
            "cidr_ip": "0.0.0.0/0",
            "description": "",
            "id": "eyJzZ19pZCI6InNnLThzbWp2cHVmIiwicG9saWN5X3R5cGUiOiJpbmdyZXNzIiwiY2lkcl9pcCI6IjAuMC4wLjAvMCIsInByb3RvY29sIjoiaWNtcCIsInBvcnRfcmFuZ2UiOiJBTEwiLCJhY3Rpb24iOiJhY2NlcHQiLCJzb3VyY2Vfc2dfaWQiOiIiLCJkZXNjcmlwdGlvbiI6IiJ9",
            "ip_protocol": "icmp",
            "policy": "accept",
            "policy_index": null,
            "port_range": "ALL",
            "protocol_template": null,
            "security_group_id": "sg-8smjvpuf",
            "source_sgid": null,
            "type": "ingress"
          },
          "sensitive_attributes": [],
          "private": "bnVsbA==",
          "dependencies": [
            "module.cvm.tencentcloud_security_group.web_sg"
          ]
        }
      ]
    },
    {
      "module": "module.cvm",
      "mode": "managed",
      "type": "tencentcloud_security_group_rule",
      "name": "k8s",
      "provider": "module.cvm.provider[\"registry.terraform.io/tencentcloudstack/tencentcloud\"]",
      "instances": [
        {
          "schema_version": 0,
          "attributes": {
            "address_template": null,
            "cidr_ip": "0.0.0.0/0",
            "description": "",
            "id": "eyJzZ19pZCI6InNnLThzbWp2cHVmIiwicG9saWN5X3R5cGUiOiJpbmdyZXNzIiwiY2lkcl9pcCI6IjAuMC4wLjAvMCIsInByb3RvY29sIjoidGNwIiwicG9ydF9yYW5nZSI6IjY0NDMiLCJhY3Rpb24iOiJhY2NlcHQiLCJzb3VyY2Vfc2dfaWQiOiIiLCJkZXNjcmlwdGlvbiI6IiJ9",
            "ip_protocol": "tcp",
            "policy": "accept",
            "policy_index": null,
            "port_range": "6443",
            "protocol_template": null,
            "security_group_id": "sg-8smjvpuf",
            "source_sgid": null,
            "type": "ingress"
          },
          "sensitive_attributes": [],
          "private": "bnVsbA==",
          "dependencies": [
            "module.cvm.tencentcloud_security_group.web_sg"
          ]
        }
      ]
    },
    {
      "module": "module.cvm",
      "mode": "managed",
      "type": "tencentcloud_security_group_rule",
      "name": "ssh",
      "provider": "module.cvm.provider[\"registry.terraform.io/tencentcloudstack/tencentcloud\"]",
      "instances": [
        {
          "schema_version": 0,
          "attributes": {
            "address_template": null,
            "cidr_ip": "0.0.0.0/0",
            "description": "",
            "id": "eyJzZ19pZCI6InNnLThzbWp2cHVmIiwicG9saWN5X3R5cGUiOiJpbmdyZXNzIiwiY2lkcl9pcCI6IjAuMC4wLjAvMCIsInByb3RvY29sIjoidGNwIiwicG9ydF9yYW5nZSI6IjIyIiwiYWN0aW9uIjoiYWNjZXB0Iiwic291cmNlX3NnX2lkIjoiIiwiZGVzY3JpcHRpb24iOiIifQ==",
            "ip_protocol": "tcp",
            "policy": "accept",
            "policy_index": null,
            "port_range": "22",
            "protocol_template": null,
            "security_group_id": "sg-8smjvpuf",
            "source_sgid": null,
            "type": "ingress"
          },
          "sensitive_attributes": [],
          "private": "bnVsbA==",
          "dependencies": [
            "module.cvm.tencentcloud_security_group.web_sg"
          ]
        }
      ]
    },
    {
      "module": "module.cvm",
      "mode": "managed",
      "type": "tencentcloud_security_group_rule",
      "name": "ssh_login",
      "provider": "module.cvm.provider[\"registry.terraform.io/tencentcloudstack/tencentcloud\"]",
      "instances": [
        {
          "schema_version": 0,
          "attributes": {
            "address_template": null,
            "cidr_ip": "0.0.0.0/0",
            "description": "",
            "id": "eyJzZ19pZCI6InNnLThzbWp2cHVmIiwicG9saWN5X3R5cGUiOiJpbmdyZXNzIiwiY2lkcl9pcCI6IjAuMC4wLjAvMCIsInByb3RvY29sIjoidGNwIiwicG9ydF9yYW5nZSI6IjIyMjIiLCJhY3Rpb24iOiJhY2NlcHQiLCJzb3VyY2Vfc2dfaWQiOiIiLCJkZXNjcmlwdGlvbiI6IiJ9",
            "ip_protocol": "tcp",
            "policy": "accept",
            "policy_index": null,
            "port_range": "2222",
            "protocol_template": null,
            "security_group_id": "sg-8smjvpuf",
            "source_sgid": null,
            "type": "ingress"
          },
          "sensitive_attributes": [],
          "private": "bnVsbA==",
          "dependencies": [
            "module.cvm.tencentcloud_security_group.web_sg"
          ]
        }
      ]
    },
    {
      "module": "module.cvm",
      "mode": "managed",
      "type": "tencentcloud_security_group_rule",
      "name": "submariner_1",
      "provider": "module.cvm.provider[\"registry.terraform.io/tencentcloudstack/tencentcloud\"]",
      "instances": [
        {
          "schema_version": 0,
          "attributes": {
            "address_template": null,
            "cidr_ip": "0.0.0.0/0",
            "description": "",
            "id": "eyJzZ19pZCI6InNnLThzbWp2cHVmIiwicG9saWN5X3R5cGUiOiJpbmdyZXNzIiwiY2lkcl9pcCI6IjAuMC4wLjAvMCIsInByb3RvY29sIjoidWRwIiwicG9ydF9yYW5nZSI6IjQ1MDAiLCJhY3Rpb24iOiJhY2NlcHQiLCJzb3VyY2Vfc2dfaWQiOiIiLCJkZXNjcmlwdGlvbiI6IiJ9",
            "ip_protocol": "udp",
            "policy": "accept",
            "policy_index": null,
            "port_range": "4500",
            "protocol_template": null,
            "security_group_id": "sg-8smjvpuf",
            "source_sgid": null,
            "type": "ingress"
          },
          "sensitive_attributes": [],
          "private": "bnVsbA==",
          "dependencies": [
            "module.cvm.tencentcloud_security_group.web_sg"
          ]
        }
      ]
    },
    {
      "module": "module.cvm",
      "mode": "managed",
      "type": "tencentcloud_security_group_rule",
      "name": "submariner_2",
      "provider": "module.cvm.provider[\"registry.terraform.io/tencentcloudstack/tencentcloud\"]",
      "instances": [
        {
          "schema_version": 0,
          "attributes": {
            "address_template": null,
            "cidr_ip": "0.0.0.0/0",
            "description": "",
            "id": "eyJzZ19pZCI6InNnLThzbWp2cHVmIiwicG9saWN5X3R5cGUiOiJpbmdyZXNzIiwiY2lkcl9pcCI6IjAuMC4wLjAvMCIsInByb3RvY29sIjoidWRwIiwicG9ydF9yYW5nZSI6IjQ0OTAiLCJhY3Rpb24iOiJhY2NlcHQiLCJzb3VyY2Vfc2dfaWQiOiIiLCJkZXNjcmlwdGlvbiI6IiJ9",
            "ip_protocol": "udp",
            "policy": "accept",
            "policy_index": null,
            "port_range": "4490",
            "protocol_template": null,
            "security_group_id": "sg-8smjvpuf",
            "source_sgid": null,
            "type": "ingress"
          },
          "sensitive_attributes": [],
          "private": "bnVsbA==",
          "dependencies": [
            "module.cvm.tencentcloud_security_group.web_sg"
          ]
        }
      ]
    },
    {
      "module": "module.cvm",
      "mode": "managed",
      "type": "tencentcloud_security_group_rule",
      "name": "submariner_3",
      "provider": "module.cvm.provider[\"registry.terraform.io/tencentcloudstack/tencentcloud\"]",
      "instances": [
        {
          "schema_version": 0,
          "attributes": {
            "address_template": null,
            "cidr_ip": "0.0.0.0/0",
            "description": "",
            "id": "eyJzZ19pZCI6InNnLThzbWp2cHVmIiwicG9saWN5X3R5cGUiOiJpbmdyZXNzIiwiY2lkcl9pcCI6IjAuMC4wLjAvMCIsInByb3RvY29sIjoidWRwIiwicG9ydF9yYW5nZSI6IjQ4MDAiLCJhY3Rpb24iOiJhY2NlcHQiLCJzb3VyY2Vfc2dfaWQiOiIiLCJkZXNjcmlwdGlvbiI6IiJ9",
            "ip_protocol": "udp",
            "policy": "accept",
            "policy_index": null,
            "port_range": "4800",
            "protocol_template": null,
            "security_group_id": "sg-8smjvpuf",
            "source_sgid": null,
            "type": "ingress"
          },
          "sensitive_attributes": [],
          "private": "bnVsbA==",
          "dependencies": [
            "module.cvm.tencentcloud_security_group.web_sg"
          ]
        }
      ]
    },
    {
      "module": "module.cvm",
      "mode": "managed",
      "type": "tencentcloud_security_group_rule",
      "name": "thanos_bucket",
      "provider": "module.cvm.provider[\"registry.terraform.io/tencentcloudstack/tencentcloud\"]",
      "instances": [
        {
          "schema_version": 0,
          "attributes": {
            "address_template": null,
            "cidr_ip": "0.0.0.0/0",
            "description": "",
            "id": "eyJzZ19pZCI6InNnLThzbWp2cHVmIiwicG9saWN5X3R5cGUiOiJpbmdyZXNzIiwiY2lkcl9pcCI6IjAuMC4wLjAvMCIsInByb3RvY29sIjoidGNwIiwicG9ydF9yYW5nZSI6IjMwMDkyIiwiYWN0aW9uIjoiYWNjZXB0Iiwic291cmNlX3NnX2lkIjoiIiwiZGVzY3JpcHRpb24iOiIifQ==",
            "ip_protocol": "tcp",
            "policy": "accept",
            "policy_index": null,
            "port_range": "30092",
            "protocol_template": null,
            "security_group_id": "sg-8smjvpuf",
            "source_sgid": null,
            "type": "ingress"
          },
          "sensitive_attributes": [],
          "private": "bnVsbA==",
          "dependencies": [
            "module.cvm.tencentcloud_security_group.web_sg"
          ]
        }
      ]
    },
    {
      "module": "module.cvm",
      "mode": "managed",
      "type": "tencentcloud_security_group_rule",
      "name": "thanos_compact",
      "provider": "module.cvm.provider[\"registry.terraform.io/tencentcloudstack/tencentcloud\"]",
      "instances": [
        {
          "schema_version": 0,
          "attributes": {
            "address_template": null,
            "cidr_ip": "0.0.0.0/0",
            "description": "",
            "id": "eyJzZ19pZCI6InNnLThzbWp2cHVmIiwicG9saWN5X3R5cGUiOiJpbmdyZXNzIiwiY2lkcl9pcCI6IjAuMC4wLjAvMCIsInByb3RvY29sIjoidGNwIiwicG9ydF9yYW5nZSI6IjMwMDkzIiwiYWN0aW9uIjoiYWNjZXB0Iiwic291cmNlX3NnX2lkIjoiIiwiZGVzY3JpcHRpb24iOiIifQ==",
            "ip_protocol": "tcp",
            "policy": "accept",
            "policy_index": null,
            "port_range": "30093",
            "protocol_template": null,
            "security_group_id": "sg-8smjvpuf",
            "source_sgid": null,
            "type": "ingress"
          },
          "sensitive_attributes": [],
          "private": "bnVsbA==",
          "dependencies": [
            "module.cvm.tencentcloud_security_group.web_sg"
          ]
        }
      ]
    },
    {
      "module": "module.cvm",
      "mode": "managed",
      "type": "tencentcloud_security_group_rule",
      "name": "thanos_grpc",
      "provider": "module.cvm.provider[\"registry.terraform.io/tencentcloudstack/tencentcloud\"]",
      "instances": [
        {
          "schema_version": 0,
          "attributes": {
            "address_template": null,
            "cidr_ip": "0.0.0.0/0",
            "description": "",
            "id": "eyJzZ19pZCI6InNnLThzbWp2cHVmIiwicG9saWN5X3R5cGUiOiJpbmdyZXNzIiwiY2lkcl9pcCI6IjAuMC4wLjAvMCIsInByb3RvY29sIjoidGNwIiwicG9ydF9yYW5nZSI6IjMwOTAxIiwiYWN0aW9uIjoiYWNjZXB0Iiwic291cmNlX3NnX2lkIjoiIiwiZGVzY3JpcHRpb24iOiIifQ==",
            "ip_protocol": "tcp",
            "policy": "accept",
            "policy_index": null,
            "port_range": "30901",
            "protocol_template": null,
            "security_group_id": "sg-8smjvpuf",
            "source_sgid": null,
            "type": "ingress"
          },
          "sensitive_attributes": [],
          "private": "bnVsbA==",
          "dependencies": [
            "module.cvm.tencentcloud_security_group.web_sg"
          ]
        }
      ]
    },
    {
      "module": "module.cvm",
      "mode": "managed",
      "type": "tencentcloud_security_group_rule",
      "name": "thanos_http",
      "provider": "module.cvm.provider[\"registry.terraform.io/tencentcloudstack/tencentcloud\"]",
      "instances": [
        {
          "schema_version": 0,
          "attributes": {
            "address_template": null,
            "cidr_ip": "0.0.0.0/0",
            "description": "",
            "id": "eyJzZ19pZCI6InNnLThzbWp2cHVmIiwicG9saWN5X3R5cGUiOiJpbmdyZXNzIiwiY2lkcl9pcCI6IjAuMC4wLjAvMCIsInByb3RvY29sIjoidGNwIiwicG9ydF9yYW5nZSI6IjMwOTAyIiwiYWN0aW9uIjoiYWNjZXB0Iiwic291cmNlX3NnX2lkIjoiIiwiZGVzY3JpcHRpb24iOiIifQ==",
            "ip_protocol": "tcp",
            "policy": "accept",
            "policy_index": null,
            "port_range": "30902",
            "protocol_template": null,
            "security_group_id": "sg-8smjvpuf",
            "source_sgid": null,
            "type": "ingress"
          },
          "sensitive_attributes": [],
          "private": "bnVsbA==",
          "dependencies": [
            "module.cvm.tencentcloud_security_group.web_sg"
          ]
        }
      ]
    },
    {
      "module": "module.cvm",
      "mode": "managed",
      "type": "tencentcloud_security_group_rule",
      "name": "thanos_web",
      "provider": "module.cvm.provider[\"registry.terraform.io/tencentcloudstack/tencentcloud\"]",
      "instances": [
        {
          "schema_version": 0,
          "attributes": {
            "address_template": null,
            "cidr_ip": "0.0.0.0/0",
            "description": "",
            "id": "eyJzZ19pZCI6InNnLThzbWp2cHVmIiwicG9saWN5X3R5cGUiOiJpbmdyZXNzIiwiY2lkcl9pcCI6IjAuMC4wLjAvMCIsInByb3RvY29sIjoidGNwIiwicG9ydF9yYW5nZSI6IjMwMDkwIiwiYWN0aW9uIjoiYWNjZXB0Iiwic291cmNlX3NnX2lkIjoiIiwiZGVzY3JpcHRpb24iOiIifQ==",
            "ip_protocol": "tcp",
            "policy": "accept",
            "policy_index": null,
            "port_range": "30090",
            "protocol_template": null,
            "security_group_id": "sg-8smjvpuf",
            "source_sgid": null,
            "type": "ingress"
          },
          "sensitive_attributes": [],
          "private": "bnVsbA==",
          "dependencies": [
            "module.cvm.tencentcloud_security_group.web_sg"
          ]
        }
      ]
    },
    {
      "module": "module.cvm",
      "mode": "managed",
      "type": "tencentcloud_security_group_rule",
      "name": "web_egrees_any",
      "provider": "module.cvm.provider[\"registry.terraform.io/tencentcloudstack/tencentcloud\"]",
      "instances": [
        {
          "schema_version": 0,
          "attributes": {
            "address_template": null,
            "cidr_ip": "0.0.0.0/0",
            "description": "",
            "id": "eyJzZ19pZCI6InNnLThzbWp2cHVmIiwicG9saWN5X3R5cGUiOiJlZ3Jlc3MiLCJjaWRyX2lwIjoiMC4wLjAuMC8wIiwicHJvdG9jb2wiOiJBTEwiLCJwb3J0X3JhbmdlIjoiQUxMIiwiYWN0aW9uIjoiYWNjZXB0Iiwic291cmNlX3NnX2lkIjoiIiwiZGVzY3JpcHRpb24iOiIifQ==",
            "ip_protocol": "ALL",
            "policy": "accept",
            "policy_index": null,
            "port_range": "ALL",
            "protocol_template": null,
            "security_group_id": "sg-8smjvpuf",
            "source_sgid": null,
            "type": "egress"
          },
          "sensitive_attributes": [],
          "private": "bnVsbA==",
          "dependencies": [
            "module.cvm.tencentcloud_security_group.web_sg"
          ]
        }
      ]
    },
    {
      "module": "module.cvm",
      "mode": "managed",
      "type": "tencentcloud_subnet",
      "name": "tf_service_subnet",
      "provider": "module.cvm.provider[\"registry.terraform.io/tencentcloudstack/tencentcloud\"]",
      "instances": [
        {
          "schema_version": 0,
          "attributes": {
            "availability_zone": "ap-hongkong-2",
            "available_ip_count": 253,
            "cidr_block": "10.0.1.0/24",
            "create_time": "2024-11-30 13:00:13",
            "id": "subnet-q6fi1eht",
            "is_default": false,
            "is_multicast": true,
            "name": "tf_subnet",
            "route_table_id": "rtb-62j09cm3",
            "tags": {
              "dev": "tf-dev",
              "web": "tf-web"
            },
            "vpc_id": "vpc-7g2digfu"
          },
          "sensitive_attributes": [],
          "private": "bnVsbA==",
          "dependencies": [
            "module.cvm.tencentcloud_route_table.tf_routetable",
            "module.cvm.tencentcloud_vpc.tf_vpc"
          ]
        }
      ]
    },
    {
      "module": "module.cvm",
      "mode": "managed",
      "type": "tencentcloud_vpc",
      "name": "tf_vpc",
      "provider": "module.cvm.provider[\"registry.terraform.io/tencentcloudstack/tencentcloud\"]",
      "instances": [
        {
          "schema_version": 0,
          "attributes": {
            "assistant_cidrs": [],
            "cidr_block": "10.0.0.0/16",
            "create_time": "2024-11-30 13:00:07",
            "default_route_table_id": "rtb-fxz91cjb",
            "dns_servers": [
              "183.60.82.98",
              "183.60.83.19"
            ],
            "docker_assistant_cidrs": [],
            "id": "vpc-7g2digfu",
            "is_default": false,
            "is_multicast": true,
            "name": "tf-vpc",
            "tags": null
          },
          "sensitive_attributes": [],
          "private": "bnVsbA=="
        }
      ]
    },
    {
      "module": "module.vpc",
      "mode": "managed",
      "type": "tencentcloud_security_group",
      "name": "default",
      "provider": "module.vpc.provider[\"registry.terraform.io/tencentcloudstack/tencentcloud\"]",
      "instances": [
        {
          "schema_version": 0,
          "attributes": {
            "description": "",
            "id": "sg-3br162wn",
            "name": "tf-default-sg",
            "project_id": 0,
            "tags": null
          },
          "sensitive_attributes": [],
          "private": "bnVsbA=="
        }
      ]
    },
    {
      "module": "module.vpc",
      "mode": "managed",
      "type": "tencentcloud_security_group_lite_rule",
      "name": "all",
      "provider": "module.vpc.provider[\"registry.terraform.io/tencentcloudstack/tencentcloud\"]",
      "instances": [
        {
          "schema_version": 0,
          "attributes": {
            "egress": [
              "ACCEPT#0.0.0.0/0#ALL#TCP"
            ],
            "id": "sg-3br162wn",
            "ingress": [
              "ACCEPT#0.0.0.0/0#ALL#TCP"
            ],
            "security_group_id": "sg-3br162wn"
          },
          "sensitive_attributes": [],
          "private": "bnVsbA==",
          "dependencies": [
            "module.vpc.tencentcloud_security_group.default"
          ]
        }
      ]
    },
    {
      "module": "module.vpc",
      "mode": "managed",
      "type": "tencentcloud_subnet",
      "name": "subnet",
      "provider": "module.vpc.provider[\"registry.terraform.io/tencentcloudstack/tencentcloud\"]",
      "instances": [
        {
          "schema_version": 0,
          "attributes": {
            "availability_zone": "ap-hongkong-2",
            "available_ip_count": 253,
            "cidr_block": "10.0.1.0/24",
            "create_time": "2024-11-30 13:00:12",
            "id": "subnet-iiq0c559",
            "is_default": false,
            "is_multicast": true,
            "name": "tf_default_subnet",
            "route_table_id": "rtb-nhhnusxl",
            "tags": null,
            "vpc_id": "vpc-ozde317g"
          },
          "sensitive_attributes": [],
          "private": "bnVsbA==",
          "dependencies": [
            "module.vpc.tencentcloud_vpc.vpc"
          ]
        }
      ]
    },
    {
      "module": "module.vpc",
      "mode": "managed",
      "type": "tencentcloud_vpc",
      "name": "vpc",
      "provider": "module.vpc.provider[\"registry.terraform.io/tencentcloudstack/tencentcloud\"]",
      "instances": [
        {
          "schema_version": 0,
          "attributes": {
            "assistant_cidrs": [],
            "cidr_block": "10.0.0.0/16",
            "create_time": "2024-11-30 13:00:07",
            "default_route_table_id": "rtb-nhhnusxl",
            "dns_servers": [
              "183.60.82.98",
              "183.60.83.19"
            ],
            "docker_assistant_cidrs": [],
            "id": "vpc-ozde317g",
            "is_default": false,
            "is_multicast": true,
            "name": "tf_default_vpc",
            "tags": null
          },
          "sensitive_attributes": [],
          "private": "bnVsbA=="
        }
      ]
    }
  ],
  "check_results": [
    {
      "object_kind": "var",
      "config_addr": "module.k3s.module.k3s.var.agents",
      "status": "pass",
      "objects": [
        {
          "object_addr": "module.k3s.module.k3s.var.agents",
          "status": "pass"
        }
      ]
    },
    {
      "object_kind": "var",
      "config_addr": "module.k3s.module.k3s.var.name",
      "status": "pass",
      "objects": [
        {
          "object_addr": "module.k3s.module.k3s.var.name",
          "status": "pass"
        }
      ]
    },
    {
      "object_kind": "var",
      "config_addr": "module.k3s.module.k3s.var.k3s_install_env_vars",
      "status": "pass",
      "objects": [
        {
          "object_addr": "module.k3s.module.k3s.var.k3s_install_env_vars",
          "status": "pass"
        }
      ]
    },
    {
      "object_kind": "var",
      "config_addr": "module.k3s.module.k3s.var.servers",
      "status": "pass",
      "objects": [
        {
          "object_addr": "module.k3s.module.k3s.var.servers",
          "status": "pass"
        }
      ]
    }
  ]
}
