{
  "version": 4,
  "terraform_version": "1.9.3",
  "serial": 81,
  "lineage": "43f3f889-5c7d-4cb4-8df3-1dc6053a2aec",
  "outputs": {},
  "resources": [
    {
      "module": "module.cvm",
      "mode": "managed",
      "type": "tencentcloud_route_table",
      "name": "tf_routetable",
      "provider": "module.cvm.provider[\"registry.terraform.io/tencentcloudstack/tencentcloud\"]",
      "instances": [
        {
          "schema_version": 0,
          "attributes": {
            "create_time": "2024-09-14 10:53:20",
            "id": "rtb-bjuqb0ky",
            "is_default": false,
            "name": "tf-rt",
            "route_entry_ids": [],
            "subnet_ids": [
              "subnet-n09geves"
            ],
            "tags": {},
            "vpc_id": "vpc-o3jhu9dn"
          },
          "sensitive_attributes": [],
          "private": "bnVsbA==",
          "dependencies": [
            "module.cvm.tencentcloud_vpc.tf_vpc"
          ]
        }
      ]
    },
    {
      "module": "module.cvm",
      "mode": "managed",
      "type": "tencentcloud_security_group",
      "name": "web_sg",
      "provider": "module.cvm.provider[\"registry.terraform.io/tencentcloudstack/tencentcloud\"]",
      "instances": [
        {
          "schema_version": 0,
          "attributes": {
            "description": "make it accessible for both production and stage ports",
            "id": "sg-dm9bzpug",
            "name": "web-sg",
            "project_id": 0,
            "tags": {}
          },
          "sensitive_attributes": [],
          "private": "bnVsbA=="
        }
      ]
    },
    {
      "module": "module.cvm",
      "mode": "managed",
      "type": "tencentcloud_security_group_rule",
      "name": "submariner_2",
      "provider": "module.cvm.provider[\"registry.terraform.io/tencentcloudstack/tencentcloud\"]",
      "instances": [
        {
          "schema_version": 0,
          "attributes": {
            "address_template": [],
            "cidr_ip": "0.0.0.0/0",
            "description": "",
            "id": "eyJzZ19pZCI6InNnLWRtOWJ6cHVnIiwicG9saWN5X3R5cGUiOiJpbmdyZXNzIiwiY2lkcl9pcCI6IjAuMC4wLjAvMCIsInByb3RvY29sIjoidWRwIiwicG9ydF9yYW5nZSI6IjQ0OTAiLCJhY3Rpb24iOiJhY2NlcHQiLCJzb3VyY2Vfc2dfaWQiOiIiLCJkZXNjcmlwdGlvbiI6IiJ9",
            "ip_protocol": "udp",
            "policy": "accept",
            "policy_index": null,
            "port_range": "4490",
            "protocol_template": [],
            "security_group_id": "sg-dm9bzpug",
            "source_sgid": null,
            "type": "ingress"
          },
          "sensitive_attributes": [],
          "private": "bnVsbA==",
          "dependencies": [
            "module.cvm.tencentcloud_security_group.web_sg"
          ]
        }
      ]
    },
    {
      "module": "module.cvm",
      "mode": "managed",
      "type": "tencentcloud_security_group_rule",
      "name": "submariner_3",
      "provider": "module.cvm.provider[\"registry.terraform.io/tencentcloudstack/tencentcloud\"]",
      "instances": [
        {
          "schema_version": 0,
          "attributes": {
            "address_template": [],
            "cidr_ip": "0.0.0.0/0",
            "description": "",
            "id": "eyJzZ19pZCI6InNnLWRtOWJ6cHVnIiwicG9saWN5X3R5cGUiOiJpbmdyZXNzIiwiY2lkcl9pcCI6IjAuMC4wLjAvMCIsInByb3RvY29sIjoidWRwIiwicG9ydF9yYW5nZSI6IjQ4MDAiLCJhY3Rpb24iOiJhY2NlcHQiLCJzb3VyY2Vfc2dfaWQiOiIiLCJkZXNjcmlwdGlvbiI6IiJ9",
            "ip_protocol": "udp",
            "policy": "accept",
            "policy_index": null,
            "port_range": "4800",
            "protocol_template": [],
            "security_group_id": "sg-dm9bzpug",
            "source_sgid": null,
            "type": "ingress"
          },
          "sensitive_attributes": [],
          "private": "bnVsbA==",
          "dependencies": [
            "module.cvm.tencentcloud_security_group.web_sg"
          ]
        }
      ]
    },
    {
      "module": "module.cvm",
      "mode": "managed",
      "type": "tencentcloud_subnet",
      "name": "tf_service_subnet",
      "provider": "module.cvm.provider[\"registry.terraform.io/tencentcloudstack/tencentcloud\"]",
      "instances": [
        {
          "schema_version": 0,
          "attributes": {
            "availability_zone": "ap-singapore-2",
            "available_ip_count": 251,
            "cidr_block": "10.0.1.0/24",
            "create_time": "2024-09-14 10:53:22",
            "id": "subnet-n09geves",
            "is_default": false,
            "is_multicast": true,
            "name": "tf_subnet",
            "route_table_id": "rtb-bjuqb0ky",
            "tags": {
              "dev": "tf-dev",
              "web": "tf-web"
            },
            "vpc_id": "vpc-o3jhu9dn"
          },
          "sensitive_attributes": [],
          "private": "bnVsbA==",
          "dependencies": [
            "module.cvm.tencentcloud_route_table.tf_routetable",
            "module.cvm.tencentcloud_vpc.tf_vpc"
          ]
        }
      ]
    },
    {
      "module": "module.cvm",
      "mode": "managed",
      "type": "tencentcloud_vpc",
      "name": "tf_vpc",
      "provider": "module.cvm.provider[\"registry.terraform.io/tencentcloudstack/tencentcloud\"]",
      "instances": [
        {
          "schema_version": 0,
          "attributes": {
            "assistant_cidrs": [],
            "cidr_block": "10.0.0.0/16",
            "create_time": "2024-09-14 10:53:17",
            "default_route_table_id": "rtb-dtyw5xp6",
            "dns_servers": [
              "183.60.82.98",
              "183.60.83.19"
            ],
            "docker_assistant_cidrs": [],
            "id": "vpc-o3jhu9dn",
            "is_default": false,
            "is_multicast": true,
            "name": "tf-vpc",
            "tags": {}
          },
          "sensitive_attributes": [],
          "private": "bnVsbA=="
        }
      ]
    }
  ],
  "check_results": null
}
